
Microsoft Visual Studio Solution File, Format Version 12.00
# Visual Studio Version 17
VisualStudioVersion = 17.0.31903.59
MinimumVisualStudioVersion = 10.0.40219.1
Project("{2150E333-8FDC-42A3-9474-1A3956D46DE8}") = "shared", "shared", "{4F52FD11-658E-A102-6CD3-7D7C16FFA15B}"
EndProject
Project("{2150E333-8FDC-42A3-9474-1A3956D46DE8}") = "dotnet", "dotnet", "{1CC180B5-AA09-2C35-115A-569411B97A5C}"
EndProject
Project("{FAE04EC0-301F-11D3-BF4B-00C04F79EFBC}") = "Travel.Shared.Abstractions", "shared\dotnet\Travel.Shared.Abstractions\Travel.Shared.Abstractions.csproj", "{4233B4B5-32FB-4CB4-8E17-A2C05161B60F}"
EndProject
Project("{FAE04EC0-301F-11D3-BF4B-00C04F79EFBC}") = "Travel.Shared.Domain", "shared\dotnet\Travel.Shared.Domain\Travel.Shared.Domain.csproj", "{950373AF-FC47-433E-9961-E8E49CC2FAC1}"
EndProject
Project("{FAE04EC0-301F-11D3-BF4B-00C04F79EFBC}") = "Travel.Shared.Infrastructure", "shared\dotnet\Travel.Shared.Infrastructure\Travel.Shared.Infrastructure.csproj", "{9BBCE918-0A2D-4E17-B1D0-1232B6BA82EA}"
EndProject
Project("{FAE04EC0-301F-11D3-BF4B-00C04F79EFBC}") = "Travel.Shared.Web", "shared\dotnet\Travel.Shared.Web\Travel.Shared.Web.csproj", "{5B20C1BD-5918-4F05-80DB-DC365A895C7E}"
EndProject
Project("{FAE04EC0-301F-11D3-BF4B-00C04F79EFBC}") = "Travel.Shared.TestInfrastructure", "shared\dotnet\Travel.Shared.TestInfrastructure\Travel.Shared.TestInfrastructure.csproj", "{C790672D-EA23-4EE5-9C96-90989722EB4E}"
EndProject
Project("{2150E333-8FDC-42A3-9474-1A3956D46DE8}") = "apps", "apps", "{1787FE1D-075E-9E68-7218-25F1BD1BBEAB}"
EndProject
Project("{FAE04EC0-301F-11D3-BF4B-00C04F79EFBC}") = "Travel.ServiceDefaults", "apps\Travel.ServiceDefaults\Travel.ServiceDefaults.csproj", "{AB04EDC2-65BF-4167-B5B5-DC5B9CEAD184}"
EndProject
Project("{FAE04EC0-301F-11D3-BF4B-00C04F79EFBC}") = "Travel.AppHost", "apps\Travel.AppHost\Travel.AppHost.csproj", "{AB2743C2-3E81-46BE-B5F1-1C85C2238C5C}"
EndProject
Project("{FAE04EC0-301F-11D3-BF4B-00C04F79EFBC}") = "Travel.Host", "apps\Travel.Host\Travel.Host.csproj", "{97B7866C-7B88-418F-9EA9-1E41B7919144}"
EndProject
Project("{FAE04EC0-301F-11D3-BF4B-00C04F79EFBC}") = "Travel.AI", "apps\Travel.AI\Travel.AI.csproj", "{4EDC3539-F9A4-47CE-B016-EE4565018A8A}"
EndProject
Project("{2150E333-8FDC-42A3-9474-1A3956D46DE8}") = "modules", "modules", "{CA253913-39DE-BFD0-C9A3-4B7EC6FBDF17}"
EndProject
Project("{2150E333-8FDC-42A3-9474-1A3956D46DE8}") = "flights", "flights", "{CB42E8AC-7934-AA08-ACDB-015C3A53E336}"
EndProject
Project("{FAE04EC0-301F-11D3-BF4B-00C04F79EFBC}") = "Travel.Modules.Flights.Core", "modules\flights\Travel.Modules.Flights.Core\Travel.Modules.Flights.Core.csproj", "{6003E5DD-F78F-43AC-93B0-AEF26EB65713}"
EndProject
Project("{FAE04EC0-301F-11D3-BF4B-00C04F79EFBC}") = "Travel.Modules.Flights.Application", "modules\flights\Travel.Modules.Flights.Application\Travel.Modules.Flights.Application.csproj", "{ACDA0759-D5A9-4111-BBB3-9454A396C51E}"
EndProject
Project("{FAE04EC0-301F-11D3-BF4B-00C04F79EFBC}") = "Travel.Modules.Flights.Infrastructure", "modules\flights\Travel.Modules.Flights.Infrastructure\Travel.Modules.Flights.Infrastructure.csproj", "{F5D571B8-D35C-46F5-ACF6-888A42174D7A}"
EndProject
Project("{FAE04EC0-301F-11D3-BF4B-00C04F79EFBC}") = "Travel.Modules.Flights.Api", "modules\flights\Travel.Modules.Flights.Api\Travel.Modules.Flights.Api.csproj", "{1B0072FE-EBD5-4FBE-955A-F5653F0855B3}"
EndProject
Project("{2150E333-8FDC-42A3-9474-1A3956D46DE8}") = "hotels", "hotels", "{0D903C5D-9EC2-FC13-3549-A2B4B54D97AB}"
EndProject
Project("{FAE04EC0-301F-11D3-BF4B-00C04F79EFBC}") = "Travel.Modules.Hotels.Core", "modules\hotels\Travel.Modules.Hotels.Core\Travel.Modules.Hotels.Core.csproj", "{FF2F4212-76C2-4ECD-85AF-E1A9E2A8F151}"
EndProject
Project("{FAE04EC0-301F-11D3-BF4B-00C04F79EFBC}") = "Travel.Modules.Hotels.Application", "modules\hotels\Travel.Modules.Hotels.Application\Travel.Modules.Hotels.Application.csproj", "{60DC9B8E-7915-4B9D-8DE8-4A6E3A4F0EB7}"
EndProject
Project("{FAE04EC0-301F-11D3-BF4B-00C04F79EFBC}") = "Travel.Modules.Hotels.Infrastructure", "modules\hotels\Travel.Modules.Hotels.Infrastructure\Travel.Modules.Hotels.Infrastructure.csproj", "{F9141490-0096-4ED6-BCA5-388488C92355}"
EndProject
Project("{FAE04EC0-301F-11D3-BF4B-00C04F79EFBC}") = "Travel.Modules.Hotels.Api", "modules\hotels\Travel.Modules.Hotels.Api\Travel.Modules.Hotels.Api.csproj", "{07B784A6-0B63-4026-9FCC-F440499F5929}"
EndProject
Project("{2150E333-8FDC-42A3-9474-1A3956D46DE8}") = "rail", "rail", "{06DBE845-6D7B-E8E8-03C3-7E35D754E152}"
EndProject
Project("{FAE04EC0-301F-11D3-BF4B-00C04F79EFBC}") = "Travel.Modules.Rail.Core", "modules\rail\Travel.Modules.Rail.Core\Travel.Modules.Rail.Core.csproj", "{6C541A3E-AD86-4BF6-904C-FA20B2E3F351}"
EndProject
Project("{FAE04EC0-301F-11D3-BF4B-00C04F79EFBC}") = "Travel.Modules.Rail.Application", "modules\rail\Travel.Modules.Rail.Application\Travel.Modules.Rail.Application.csproj", "{2886DF8D-C5F5-4543-BC56-A6885C17D2C5}"
EndProject
Project("{FAE04EC0-301F-11D3-BF4B-00C04F79EFBC}") = "Travel.Modules.Rail.Infrastructure", "modules\rail\Travel.Modules.Rail.Infrastructure\Travel.Modules.Rail.Infrastructure.csproj", "{8976977D-BCE5-4AED-8745-D59F8A594861}"
EndProject
Project("{FAE04EC0-301F-11D3-BF4B-00C04F79EFBC}") = "Travel.Modules.Rail.Api", "modules\rail\Travel.Modules.Rail.Api\Travel.Modules.Rail.Api.csproj", "{534B8859-414B-4A7B-B8DD-AD6EF22236FA}"
EndProject
Project("{2150E333-8FDC-42A3-9474-1A3956D46DE8}") = "trips", "trips", "{9AE941BB-1311-3FFE-B1C7-BEBDA1BCCE41}"
EndProject
Project("{FAE04EC0-301F-11D3-BF4B-00C04F79EFBC}") = "Travel.Modules.Trips.Core", "modules\trips\Travel.Modules.Trips.Core\Travel.Modules.Trips.Core.csproj", "{045D356D-148D-4725-8C8F-10CA5EEBF240}"
EndProject
Project("{FAE04EC0-301F-11D3-BF4B-00C04F79EFBC}") = "Travel.Modules.Trips.Application", "modules\trips\Travel.Modules.Trips.Application\Travel.Modules.Trips.Application.csproj", "{CD47B780-0D57-459E-9662-B59B415E7E95}"
EndProject
Project("{FAE04EC0-301F-11D3-BF4B-00C04F79EFBC}") = "Travel.Modules.Trips.Infrastructure", "modules\trips\Travel.Modules.Trips.Infrastructure\Travel.Modules.Trips.Infrastructure.csproj", "{12A666AD-D27E-47C7-94CD-257F497269B3}"
EndProject
Project("{FAE04EC0-301F-11D3-BF4B-00C04F79EFBC}") = "Travel.Modules.Trips.Api", "modules\trips\Travel.Modules.Trips.Api\Travel.Modules.Trips.Api.csproj", "{7BCEA5EB-F24D-4EAE-89CB-0EA9D8AE0ABD}"
EndProject
Project("{2150E333-8FDC-42A3-9474-1A3956D46DE8}") = "identity", "identity", "{293C06CD-4E17-48BD-9F3B-B5ADDFFA9425}"
EndProject
Project("{FAE04EC0-301F-11D3-BF4B-00C04F79EFBC}") = "Travel.Modules.Identity.Core", "modules\identity\Travel.Modules.Identity.Core\Travel.Modules.Identity.Core.csproj", "{FBBDE2D3-CEB8-4428-BEEA-559CE5DD4F20}"
EndProject
Project("{FAE04EC0-301F-11D3-BF4B-00C04F79EFBC}") = "Travel.Modules.Identity.Application", "modules\identity\Travel.Modules.Identity.Application\Travel.Modules.Identity.Application.csproj", "{9DCDAFBF-7F26-423C-A352-A83E8D7CA59A}"
EndProject
Project("{FAE04EC0-301F-11D3-BF4B-00C04F79EFBC}") = "Travel.Modules.Identity.Infrastructure", "modules\identity\Travel.Modules.Identity.Infrastructure\Travel.Modules.Identity.Infrastructure.csproj", "{C6852B53-8C12-4DEE-9F0C-CFC95AB817D6}"
EndProject
Project("{FAE04EC0-301F-11D3-BF4B-00C04F79EFBC}") = "Travel.Modules.Identity.Api", "modules\identity\Travel.Modules.Identity.Api\Travel.Modules.Identity.Api.csproj", "{EA2475FD-F350-4E76-8EBD-A161D6307442}"
EndProject
Project("{2150E333-8FDC-42A3-9474-1A3956D46DE8}") = "tests", "tests", "{0AB3BF05-4346-4AA6-1389-037BE0695223}"
EndProject
Project("{FAE04EC0-301F-11D3-BF4B-00C04F79EFBC}") = "Travel.Tests.Architecture", "tests\Travel.Tests.Architecture\Travel.Tests.Architecture.csproj", "{981B1850-8BD5-4042-921E-C5BB342E4321}"
EndProject
Project("{2150E333-8FDC-42A3-9474-1A3956D46DE8}") = "flights", "flights", "{64C8892C-59AD-6A71-938C-6E645D289F6F}"
EndProject
Project("{FAE04EC0-301F-11D3-BF4B-00C04F79EFBC}") = "Travel.Modules.Flights.Tests.Unit", "tests\flights\Travel.Modules.Flights.Tests.Unit\Travel.Modules.Flights.Tests.Unit.csproj", "{A8A43E05-EF9D-4126-A56D-901D024620B4}"
EndProject
Project("{FAE04EC0-301F-11D3-BF4B-00C04F79EFBC}") = "Travel.Modules.Flights.Tests.Integration", "tests\flights\Travel.Modules.Flights.Tests.Integration\Travel.Modules.Flights.Tests.Integration.csproj", "{E75DEB60-BD78-4840-A904-7F20B467F39A}"
EndProject
Project("{2150E333-8FDC-42A3-9474-1A3956D46DE8}") = "hotels", "hotels", "{8E08425C-0292-8486-031B-F7A38FBE54B3}"
EndProject
Project("{FAE04EC0-301F-11D3-BF4B-00C04F79EFBC}") = "Travel.Modules.Hotels.Tests.Unit", "tests\hotels\Travel.Modules.Hotels.Tests.Unit\Travel.Modules.Hotels.Tests.Unit.csproj", "{392D8E23-A801-483A-9D28-8BF4AB415CF3}"
EndProject
Project("{FAE04EC0-301F-11D3-BF4B-00C04F79EFBC}") = "Travel.Modules.Hotels.Tests.Integration", "tests\hotels\Travel.Modules.Hotels.Tests.Integration\Travel.Modules.Hotels.Tests.Integration.csproj", "{3BE30DF8-9254-4F84-8BFE-C02F5CAFAEDF}"
EndProject
Project("{2150E333-8FDC-42A3-9474-1A3956D46DE8}") = "rail", "rail", "{98AC5569-9856-6FC0-EA4D-055587100F58}"
EndProject
Project("{FAE04EC0-301F-11D3-BF4B-00C04F79EFBC}") = "Travel.Modules.Rail.Tests.Unit", "tests\rail\Travel.Modules.Rail.Tests.Unit\Travel.Modules.Rail.Tests.Unit.csproj", "{5750330C-9002-45B3-AC94-7EA4B16749BD}"
EndProject
Project("{FAE04EC0-301F-11D3-BF4B-00C04F79EFBC}") = "Travel.Modules.Rail.Tests.Integration", "tests\rail\Travel.Modules.Rail.Tests.Integration\Travel.Modules.Rail.Tests.Integration.csproj", "{B6671E45-E462-49C4-B4F9-7CF8A0FC8F33}"
EndProject
Project("{2150E333-8FDC-42A3-9474-1A3956D46DE8}") = "trips", "trips", "{D26B0979-C8C6-8ACF-E8FA-797DA1071543}"
EndProject
Project("{FAE04EC0-301F-11D3-BF4B-00C04F79EFBC}") = "Travel.Modules.Trips.Tests.Unit", "tests\trips\Travel.Modules.Trips.Tests.Unit\Travel.Modules.Trips.Tests.Unit.csproj", "{7AC2B523-3B3D-422F-A2B2-9B76884EFD90}"
EndProject
Project("{FAE04EC0-301F-11D3-BF4B-00C04F79EFBC}") = "Travel.Modules.Trips.Tests.Integration", "tests\trips\Travel.Modules.Trips.Tests.Integration\Travel.Modules.Trips.Tests.Integration.csproj", "{23EE057F-201E-4E73-A6C5-A3D2862CABB3}"
EndProject
Project("{2150E333-8FDC-42A3-9474-1A3956D46DE8}") = "identity", "identity", "{391CE2F5-AE47-7A9A-F474-4847BE99435E}"
EndProject
Project("{FAE04EC0-301F-11D3-BF4B-00C04F79EFBC}") = "Travel.Modules.Identity.Tests.Unit", "tests\identity\Travel.Modules.Identity.Tests.Unit\Travel.Modules.Identity.Tests.Unit.csproj", "{AF875373-3962-43A4-A19C-F535D3D3CB12}"
EndProject
Project("{FAE04EC0-301F-11D3-BF4B-00C04F79EFBC}") = "Travel.Modules.Identity.Tests.Integration", "tests\identity\Travel.Modules.Identity.Tests.Integration\Travel.Modules.Identity.Tests.Integration.csproj", "{AC0C5C1F-5801-4997-921C-3D3C143B1BC9}"
EndProject
Project("{FAE04EC0-301F-11D3-BF4B-00C04F79EFBC}") = "Travel.Tests.Contract", "tests\Travel.Tests.Contract\Travel.Tests.Contract.csproj", "{4C79B1E3-038C-4F3C-B4FE-85E452E01CDF}"
EndProject
Project("{FAE04EC0-301F-11D3-BF4B-00C04F79EFBC}") = "Travel.Tests.AiEvals", "tests\Travel.Tests.AiEvals\Travel.Tests.AiEvals.csproj", "{15524D51-DABD-4715-B440-1914F010974A}"
EndProject
Global
	GlobalSection(SolutionConfigurationPlatforms) = preSolution
		Debug|Any CPU = Debug|Any CPU
		Debug|x64 = Debug|x64
		Debug|x86 = Debug|x86
		Release|Any CPU = Release|Any CPU
		Release|x64 = Release|x64
		Release|x86 = Release|x86
	EndGlobalSection
	GlobalSection(ProjectConfigurationPlatforms) = postSolution
		{4233B4B5-32FB-4CB4-8E17-A2C05161B60F}.Debug|Any CPU.ActiveCfg = Debug|Any CPU
		{4233B4B5-32FB-4CB4-8E17-A2C05161B60F}.Debug|Any CPU.Build.0 = Debug|Any CPU
		{4233B4B5-32FB-4CB4-8E17-A2C05161B60F}.Debug|x64.ActiveCfg = Debug|Any CPU
		{4233B4B5-32FB-4CB4-8E17-A2C05161B60F}.Debug|x64.Build.0 = Debug|Any CPU
		{4233B4B5-32FB-4CB4-8E17-A2C05161B60F}.Debug|x86.ActiveCfg = Debug|Any CPU
		{4233B4B5-32FB-4CB4-8E17-A2C05161B60F}.Debug|x86.Build.0 = Debug|Any CPU
		{4233B4B5-32FB-4CB4-8E17-A2C05161B60F}.Release|Any CPU.ActiveCfg = Release|Any CPU
		{4233B4B5-32FB-4CB4-8E17-A2C05161B60F}.Release|Any CPU.Build.0 = Release|Any CPU
		{4233B4B5-32FB-4CB4-8E17-A2C05161B60F}.Release|x64.ActiveCfg = Release|Any CPU
		{4233B4B5-32FB-4CB4-8E17-A2C05161B60F}.Release|x64.Build.0 = Release|Any CPU
		{4233B4B5-32FB-4CB4-8E17-A2C05161B60F}.Release|x86.ActiveCfg = Release|Any CPU
		{4233B4B5-32FB-4CB4-8E17-A2C05161B60F}.Release|x86.Build.0 = Release|Any CPU
		{950373AF-FC47-433E-9961-E8E49CC2FAC1}.Debug|Any CPU.ActiveCfg = Debug|Any CPU
		{950373AF-FC47-433E-9961-E8E49CC2FAC1}.Debug|Any CPU.Build.0 = Debug|Any CPU
		{950373AF-FC47-433E-9961-E8E49CC2FAC1}.Debug|x64.ActiveCfg = Debug|Any CPU
		{950373AF-FC47-433E-9961-E8E49CC2FAC1}.Debug|x64.Build.0 = Debug|Any CPU
		{950373AF-FC47-433E-9961-E8E49CC2FAC1}.Debug|x86.ActiveCfg = Debug|Any CPU
		{950373AF-FC47-433E-9961-E8E49CC2FAC1}.Debug|x86.Build.0 = Debug|Any CPU
		{950373AF-FC47-433E-9961-E8E49CC2FAC1}.Release|Any CPU.ActiveCfg = Release|Any CPU
		{950373AF-FC47-433E-9961-E8E49CC2FAC1}.Release|Any CPU.Build.0 = Release|Any CPU
		{950373AF-FC47-433E-9961-E8E49CC2FAC1}.Release|x64.ActiveCfg = Release|Any CPU
		{950373AF-FC47-433E-9961-E8E49CC2FAC1}.Release|x64.Build.0 = Release|Any CPU
		{950373AF-FC47-433E-9961-E8E49CC2FAC1}.Release|x86.ActiveCfg = Release|Any CPU
		{950373AF-FC47-433E-9961-E8E49CC2FAC1}.Release|x86.Build.0 = Release|Any CPU
		{9BBCE918-0A2D-4E17-B1D0-1232B6BA82EA}.Debug|Any CPU.ActiveCfg = Debug|Any CPU
		{9BBCE918-0A2D-4E17-B1D0-1232B6BA82EA}.Debug|Any CPU.Build.0 = Debug|Any CPU
		{9BBCE918-0A2D-4E17-B1D0-1232B6BA82EA}.Debug|x64.ActiveCfg = Debug|Any CPU
		{9BBCE918-0A2D-4E17-B1D0-1232B6BA82EA}.Debug|x64.Build.0 = Debug|Any CPU
		{9BBCE918-0A2D-4E17-B1D0-1232B6BA82EA}.Debug|x86.ActiveCfg = Debug|Any CPU
		{9BBCE918-0A2D-4E17-B1D0-1232B6BA82EA}.Debug|x86.Build.0 = Debug|Any CPU
		{9BBCE918-0A2D-4E17-B1D0-1232B6BA82EA}.Release|Any CPU.ActiveCfg = Release|Any CPU
		{9BBCE918-0A2D-4E17-B1D0-1232B6BA82EA}.Release|Any CPU.Build.0 = Release|Any CPU
		{9BBCE918-0A2D-4E17-B1D0-1232B6BA82EA}.Release|x64.ActiveCfg = Release|Any CPU
		{9BBCE918-0A2D-4E17-B1D0-1232B6BA82EA}.Release|x64.Build.0 = Release|Any CPU
		{9BBCE918-0A2D-4E17-B1D0-1232B6BA82EA}.Release|x86.ActiveCfg = Release|Any CPU
		{9BBCE918-0A2D-4E17-B1D0-1232B6BA82EA}.Release|x86.Build.0 = Release|Any CPU
		{5B20C1BD-5918-4F05-80DB-DC365A895C7E}.Debug|Any CPU.ActiveCfg = Debug|Any CPU
		{5B20C1BD-5918-4F05-80DB-DC365A895C7E}.Debug|Any CPU.Build.0 = Debug|Any CPU
		{5B20C1BD-5918-4F05-80DB-DC365A895C7E}.Debug|x64.ActiveCfg = Debug|Any CPU
		{5B20C1BD-5918-4F05-80DB-DC365A895C7E}.Debug|x64.Build.0 = Debug|Any CPU
		{5B20C1BD-5918-4F05-80DB-DC365A895C7E}.Debug|x86.ActiveCfg = Debug|Any CPU
		{5B20C1BD-5918-4F05-80DB-DC365A895C7E}.Debug|x86.Build.0 = Debug|Any CPU
		{5B20C1BD-5918-4F05-80DB-DC365A895C7E}.Release|Any CPU.ActiveCfg = Release|Any CPU
		{5B20C1BD-5918-4F05-80DB-DC365A895C7E}.Release|Any CPU.Build.0 = Release|Any CPU
		{5B20C1BD-5918-4F05-80DB-DC365A895C7E}.Release|x64.ActiveCfg = Release|Any CPU
		{5B20C1BD-5918-4F05-80DB-DC365A895C7E}.Release|x64.Build.0 = Release|Any CPU
		{5B20C1BD-5918-4F05-80DB-DC365A895C7E}.Release|x86.ActiveCfg = Release|Any CPU
		{5B20C1BD-5918-4F05-80DB-DC365A895C7E}.Release|x86.Build.0 = Release|Any CPU
		{C790672D-EA23-4EE5-9C96-90989722EB4E}.Debug|Any CPU.ActiveCfg = Debug|Any CPU
		{C790672D-EA23-4EE5-9C96-90989722EB4E}.Debug|Any CPU.Build.0 = Debug|Any CPU
		{C790672D-EA23-4EE5-9C96-90989722EB4E}.Debug|x64.ActiveCfg = Debug|Any CPU
		{C790672D-EA23-4EE5-9C96-90989722EB4E}.Debug|x64.Build.0 = Debug|Any CPU
		{C790672D-EA23-4EE5-9C96-90989722EB4E}.Debug|x86.ActiveCfg = Debug|Any CPU
		{C790672D-EA23-4EE5-9C96-90989722EB4E}.Debug|x86.Build.0 = Debug|Any CPU
		{C790672D-EA23-4EE5-9C96-90989722EB4E}.Release|Any CPU.ActiveCfg = Release|Any CPU
		{C790672D-EA23-4EE5-9C96-90989722EB4E}.Release|Any CPU.Build.0 = Release|Any CPU
		{C790672D-EA23-4EE5-9C96-90989722EB4E}.Release|x64.ActiveCfg = Release|Any CPU
		{C790672D-EA23-4EE5-9C96-90989722EB4E}.Release|x64.Build.0 = Release|Any CPU
		{C790672D-EA23-4EE5-9C96-90989722EB4E}.Release|x86.ActiveCfg = Release|Any CPU
		{C790672D-EA23-4EE5-9C96-90989722EB4E}.Release|x86.Build.0 = Release|Any CPU
		{AB04EDC2-65BF-4167-B5B5-DC5B9CEAD184}.Debug|Any CPU.ActiveCfg = Debug|Any CPU
		{AB04EDC2-65BF-4167-B5B5-DC5B9CEAD184}.Debug|Any CPU.Build.0 = Debug|Any CPU
		{AB04EDC2-65BF-4167-B5B5-DC5B9CEAD184}.Debug|x64.ActiveCfg = Debug|Any CPU
		{AB04EDC2-65BF-4167-B5B5-DC5B9CEAD184}.Debug|x64.Build.0 = Debug|Any CPU
		{AB04EDC2-65BF-4167-B5B5-DC5B9CEAD184}.Debug|x86.ActiveCfg = Debug|Any CPU
		{AB04EDC2-65BF-4167-B5B5-DC5B9CEAD184}.Debug|x86.Build.0 = Debug|Any CPU
		{AB04EDC2-65BF-4167-B5B5-DC5B9CEAD184}.Release|Any CPU.ActiveCfg = Release|Any CPU
		{AB04EDC2-65BF-4167-B5B5-DC5B9CEAD184}.Release|Any CPU.Build.0 = Release|Any CPU
		{AB04EDC2-65BF-4167-B5B5-DC5B9CEAD184}.Release|x64.ActiveCfg = Release|Any CPU
		{AB04EDC2-65BF-4167-B5B5-DC5B9CEAD184}.Release|x64.Build.0 = Release|Any CPU
		{AB04EDC2-65BF-4167-B5B5-DC5B9CEAD184}.Release|x86.ActiveCfg = Release|Any CPU
		{AB04EDC2-65BF-4167-B5B5-DC5B9CEAD184}.Release|x86.Build.0 = Release|Any CPU
		{AB2743C2-3E81-46BE-B5F1-1C85C2238C5C}.Debug|Any CPU.ActiveCfg = Debug|Any CPU
		{AB2743C2-3E81-46BE-B5F1-1C85C2238C5C}.Debug|Any CPU.Build.0 = Debug|Any CPU
		{AB2743C2-3E81-46BE-B5F1-1C85C2238C5C}.Debug|x64.ActiveCfg = Debug|Any CPU
		{AB2743C2-3E81-46BE-B5F1-1C85C2238C5C}.Debug|x64.Build.0 = Debug|Any CPU
		{AB2743C2-3E81-46BE-B5F1-1C85C2238C5C}.Debug|x86.ActiveCfg = Debug|Any CPU
		{AB2743C2-3E81-46BE-B5F1-1C85C2238C5C}.Debug|x86.Build.0 = Debug|Any CPU
		{AB2743C2-3E81-46BE-B5F1-1C85C2238C5C}.Release|Any CPU.ActiveCfg = Release|Any CPU
		{AB2743C2-3E81-46BE-B5F1-1C85C2238C5C}.Release|Any CPU.Build.0 = Release|Any CPU
		{AB2743C2-3E81-46BE-B5F1-1C85C2238C5C}.Release|x64.ActiveCfg = Release|Any CPU
		{AB2743C2-3E81-46BE-B5F1-1C85C2238C5C}.Release|x64.Build.0 = Release|Any CPU
		{AB2743C2-3E81-46BE-B5F1-1C85C2238C5C}.Release|x86.ActiveCfg = Release|Any CPU
		{AB2743C2-3E81-46BE-B5F1-1C85C2238C5C}.Release|x86.Build.0 = Release|Any CPU
		{97B7866C-7B88-418F-9EA9-1E41B7919144}.Debug|Any CPU.ActiveCfg = Debug|Any CPU
		{97B7866C-7B88-418F-9EA9-1E41B7919144}.Debug|Any CPU.Build.0 = Debug|Any CPU
		{97B7866C-7B88-418F-9EA9-1E41B7919144}.Debug|x64.ActiveCfg = Debug|Any CPU
		{97B7866C-7B88-418F-9EA9-1E41B7919144}.Debug|x64.Build.0 = Debug|Any CPU
		{97B7866C-7B88-418F-9EA9-1E41B7919144}.Debug|x86.ActiveCfg = Debug|Any CPU
		{97B7866C-7B88-418F-9EA9-1E41B7919144}.Debug|x86.Build.0 = Debug|Any CPU
		{97B7866C-7B88-418F-9EA9-1E41B7919144}.Release|Any CPU.ActiveCfg = Release|Any CPU
		{97B7866C-7B88-418F-9EA9-1E41B7919144}.Release|Any CPU.Build.0 = Release|Any CPU
		{97B7866C-7B88-418F-9EA9-1E41B7919144}.Release|x64.ActiveCfg = Release|Any CPU
		{97B7866C-7B88-418F-9EA9-1E41B7919144}.Release|x64.Build.0 = Release|Any CPU
		{97B7866C-7B88-418F-9EA9-1E41B7919144}.Release|x86.ActiveCfg = Release|Any CPU
		{97B7866C-7B88-418F-9EA9-1E41B7919144}.Release|x86.Build.0 = Release|Any CPU
		{4EDC3539-F9A4-47CE-B016-EE4565018A8A}.Debug|Any CPU.ActiveCfg = Debug|Any CPU
		{4EDC3539-F9A4-47CE-B016-EE4565018A8A}.Debug|Any CPU.Build.0 = Debug|Any CPU
		{4EDC3539-F9A4-47CE-B016-EE4565018A8A}.Debug|x64.ActiveCfg = Debug|Any CPU
		{4EDC3539-F9A4-47CE-B016-EE4565018A8A}.Debug|x64.Build.0 = Debug|Any CPU
		{4EDC3539-F9A4-47CE-B016-EE4565018A8A}.Debug|x86.ActiveCfg = Debug|Any CPU
		{4EDC3539-F9A4-47CE-B016-EE4565018A8A}.Debug|x86.Build.0 = Debug|Any CPU
		{4EDC3539-F9A4-47CE-B016-EE4565018A8A}.Release|Any CPU.ActiveCfg = Release|Any CPU
		{4EDC3539-F9A4-47CE-B016-EE4565018A8A}.Release|Any CPU.Build.0 = Release|Any CPU
		{4EDC3539-F9A4-47CE-B016-EE4565018A8A}.Release|x64.ActiveCfg = Release|Any CPU
		{4EDC3539-F9A4-47CE-B016-EE4565018A8A}.Release|x64.Build.0 = Release|Any CPU
		{4EDC3539-F9A4-47CE-B016-EE4565018A8A}.Release|x86.ActiveCfg = Release|Any CPU
		{4EDC3539-F9A4-47CE-B016-EE4565018A8A}.Release|x86.Build.0 = Release|Any CPU
		{6003E5DD-F78F-43AC-93B0-AEF26EB65713}.Debug|Any CPU.ActiveCfg = Debug|Any CPU
		{6003E5DD-F78F-43AC-93B0-AEF26EB65713}.Debug|Any CPU.Build.0 = Debug|Any CPU
		{6003E5DD-F78F-43AC-93B0-AEF26EB65713}.Debug|x64.ActiveCfg = Debug|Any CPU
		{6003E5DD-F78F-43AC-93B0-AEF26EB65713}.Debug|x64.Build.0 = Debug|Any CPU
		{6003E5DD-F78F-43AC-93B0-AEF26EB65713}.Debug|x86.ActiveCfg = Debug|Any CPU
		{6003E5DD-F78F-43AC-93B0-AEF26EB65713}.Debug|x86.Build.0 = Debug|Any CPU
		{6003E5DD-F78F-43AC-93B0-AEF26EB65713}.Release|Any CPU.ActiveCfg = Release|Any CPU
		{6003E5DD-F78F-43AC-93B0-AEF26EB65713}.Release|Any CPU.Build.0 = Release|Any CPU
		{6003E5DD-F78F-43AC-93B0-AEF26EB65713}.Release|x64.ActiveCfg = Release|Any CPU
		{6003E5DD-F78F-43AC-93B0-AEF26EB65713}.Release|x64.Build.0 = Release|Any CPU
		{6003E5DD-F78F-43AC-93B0-AEF26EB65713}.Release|x86.ActiveCfg = Release|Any CPU
		{6003E5DD-F78F-43AC-93B0-AEF26EB65713}.Release|x86.Build.0 = Release|Any CPU
		{ACDA0759-D5A9-4111-BBB3-9454A396C51E}.Debug|Any CPU.ActiveCfg = Debug|Any CPU
		{ACDA0759-D5A9-4111-BBB3-9454A396C51E}.Debug|Any CPU.Build.0 = Debug|Any CPU
		{ACDA0759-D5A9-4111-BBB3-9454A396C51E}.Debug|x64.ActiveCfg = Debug|Any CPU
		{ACDA0759-D5A9-4111-BBB3-9454A396C51E}.Debug|x64.Build.0 = Debug|Any CPU
		{ACDA0759-D5A9-4111-BBB3-9454A396C51E}.Debug|x86.ActiveCfg = Debug|Any CPU
		{ACDA0759-D5A9-4111-BBB3-9454A396C51E}.Debug|x86.Build.0 = Debug|Any CPU
		{ACDA0759-D5A9-4111-BBB3-9454A396C51E}.Release|Any CPU.ActiveCfg = Release|Any CPU
		{ACDA0759-D5A9-4111-BBB3-9454A396C51E}.Release|Any CPU.Build.0 = Release|Any CPU
		{ACDA0759-D5A9-4111-BBB3-9454A396C51E}.Release|x64.ActiveCfg = Release|Any CPU
		{ACDA0759-D5A9-4111-BBB3-9454A396C51E}.Release|x64.Build.0 = Release|Any CPU
		{ACDA0759-D5A9-4111-BBB3-9454A396C51E}.Release|x86.ActiveCfg = Release|Any CPU
		{ACDA0759-D5A9-4111-BBB3-9454A396C51E}.Release|x86.Build.0 = Release|Any CPU
		{F5D571B8-D35C-46F5-ACF6-888A42174D7A}.Debug|Any CPU.ActiveCfg = Debug|Any CPU
		{F5D571B8-D35C-46F5-ACF6-888A42174D7A}.Debug|Any CPU.Build.0 = Debug|Any CPU
		{F5D571B8-D35C-46F5-ACF6-888A42174D7A}.Debug|x64.ActiveCfg = Debug|Any CPU
		{F5D571B8-D35C-46F5-ACF6-888A42174D7A}.Debug|x64.Build.0 = Debug|Any CPU
		{F5D571B8-D35C-46F5-ACF6-888A42174D7A}.Debug|x86.ActiveCfg = Debug|Any CPU
		{F5D571B8-D35C-46F5-ACF6-888A42174D7A}.Debug|x86.Build.0 = Debug|Any CPU
		{F5D571B8-D35C-46F5-ACF6-888A42174D7A}.Release|Any CPU.ActiveCfg = Release|Any CPU
		{F5D571B8-D35C-46F5-ACF6-888A42174D7A}.Release|Any CPU.Build.0 = Release|Any CPU
		{F5D571B8-D35C-46F5-ACF6-888A42174D7A}.Release|x64.ActiveCfg = Release|Any CPU
		{F5D571B8-D35C-46F5-ACF6-888A42174D7A}.Release|x64.Build.0 = Release|Any CPU
		{F5D571B8-D35C-46F5-ACF6-888A42174D7A}.Release|x86.ActiveCfg = Release|Any CPU
		{F5D571B8-D35C-46F5-ACF6-888A42174D7A}.Release|x86.Build.0 = Release|Any CPU
		{1B0072FE-EBD5-4FBE-955A-F5653F0855B3}.Debug|Any CPU.ActiveCfg = Debug|Any CPU
		{1B0072FE-EBD5-4FBE-955A-F5653F0855B3}.Debug|Any CPU.Build.0 = Debug|Any CPU
		{1B0072FE-EBD5-4FBE-955A-F5653F0855B3}.Debug|x64.ActiveCfg = Debug|Any CPU
		{1B0072FE-EBD5-4FBE-955A-F5653F0855B3}.Debug|x64.Build.0 = Debug|Any CPU
		{1B0072FE-EBD5-4FBE-955A-F5653F0855B3}.Debug|x86.ActiveCfg = Debug|Any CPU
		{1B0072FE-EBD5-4FBE-955A-F5653F0855B3}.Debug|x86.Build.0 = Debug|Any CPU
		{1B0072FE-EBD5-4FBE-955A-F5653F0855B3}.Release|Any CPU.ActiveCfg = Release|Any CPU
		{1B0072FE-EBD5-4FBE-955A-F5653F0855B3}.Release|Any CPU.Build.0 = Release|Any CPU
		{1B0072FE-EBD5-4FBE-955A-F5653F0855B3}.Release|x64.ActiveCfg = Release|Any CPU
		{1B0072FE-EBD5-4FBE-955A-F5653F0855B3}.Release|x64.Build.0 = Release|Any CPU
		{1B0072FE-EBD5-4FBE-955A-F5653F0855B3}.Release|x86.ActiveCfg = Release|Any CPU
		{1B0072FE-EBD5-4FBE-955A-F5653F0855B3}.Release|x86.Build.0 = Release|Any CPU
		{FF2F4212-76C2-4ECD-85AF-E1A9E2A8F151}.Debug|Any CPU.ActiveCfg = Debug|Any CPU
		{FF2F4212-76C2-4ECD-85AF-E1A9E2A8F151}.Debug|Any CPU.Build.0 = Debug|Any CPU
		{FF2F4212-76C2-4ECD-85AF-E1A9E2A8F151}.Debug|x64.ActiveCfg = Debug|Any CPU
		{FF2F4212-76C2-4ECD-85AF-E1A9E2A8F151}.Debug|x64.Build.0 = Debug|Any CPU
		{FF2F4212-76C2-4ECD-85AF-E1A9E2A8F151}.Debug|x86.ActiveCfg = Debug|Any CPU
		{FF2F4212-76C2-4ECD-85AF-E1A9E2A8F151}.Debug|x86.Build.0 = Debug|Any CPU
		{FF2F4212-76C2-4ECD-85AF-E1A9E2A8F151}.Release|Any CPU.ActiveCfg = Release|Any CPU
		{FF2F4212-76C2-4ECD-85AF-E1A9E2A8F151}.Release|Any CPU.Build.0 = Release|Any CPU
		{FF2F4212-76C2-4ECD-85AF-E1A9E2A8F151}.Release|x64.ActiveCfg = Release|Any CPU
		{FF2F4212-76C2-4ECD-85AF-E1A9E2A8F151}.Release|x64.Build.0 = Release|Any CPU
		{FF2F4212-76C2-4ECD-85AF-E1A9E2A8F151}.Release|x86.ActiveCfg = Release|Any CPU
		{FF2F4212-76C2-4ECD-85AF-E1A9E2A8F151}.Release|x86.Build.0 = Release|Any CPU
		{60DC9B8E-7915-4B9D-8DE8-4A6E3A4F0EB7}.Debug|Any CPU.ActiveCfg = Debug|Any CPU
		{60DC9B8E-7915-4B9D-8DE8-4A6E3A4F0EB7}.Debug|Any CPU.Build.0 = Debug|Any CPU
		{60DC9B8E-7915-4B9D-8DE8-4A6E3A4F0EB7}.Debug|x64.ActiveCfg = Debug|Any CPU
		{60DC9B8E-7915-4B9D-8DE8-4A6E3A4F0EB7}.Debug|x64.Build.0 = Debug|Any CPU
		{60DC9B8E-7915-4B9D-8DE8-4A6E3A4F0EB7}.Debug|x86.ActiveCfg = Debug|Any CPU
		{60DC9B8E-7915-4B9D-8DE8-4A6E3A4F0EB7}.Debug|x86.Build.0 = Debug|Any CPU
		{60DC9B8E-7915-4B9D-8DE8-4A6E3A4F0EB7}.Release|Any CPU.ActiveCfg = Release|Any CPU
		{60DC9B8E-7915-4B9D-8DE8-4A6E3A4F0EB7}.Release|Any CPU.Build.0 = Release|Any CPU
		{60DC9B8E-7915-4B9D-8DE8-4A6E3A4F0EB7}.Release|x64.ActiveCfg = Release|Any CPU
		{60DC9B8E-7915-4B9D-8DE8-4A6E3A4F0EB7}.Release|x64.Build.0 = Release|Any CPU
		{60DC9B8E-7915-4B9D-8DE8-4A6E3A4F0EB7}.Release|x86.ActiveCfg = Release|Any CPU
		{60DC9B8E-7915-4B9D-8DE8-4A6E3A4F0EB7}.Release|x86.Build.0 = Release|Any CPU
		{F9141490-0096-4ED6-BCA5-388488C92355}.Debug|Any CPU.ActiveCfg = Debug|Any CPU
		{F9141490-0096-4ED6-BCA5-388488C92355}.Debug|Any CPU.Build.0 = Debug|Any CPU
		{F9141490-0096-4ED6-BCA5-388488C92355}.Debug|x64.ActiveCfg = Debug|Any CPU
		{F9141490-0096-4ED6-BCA5-388488C92355}.Debug|x64.Build.0 = Debug|Any CPU
		{F9141490-0096-4ED6-BCA5-388488C92355}.Debug|x86.ActiveCfg = Debug|Any CPU
		{F9141490-0096-4ED6-BCA5-388488C92355}.Debug|x86.Build.0 = Debug|Any CPU
		{F9141490-0096-4ED6-BCA5-388488C92355}.Release|Any CPU.ActiveCfg = Release|Any CPU
		{F9141490-0096-4ED6-BCA5-388488C92355}.Release|Any CPU.Build.0 = Release|Any CPU
		{F9141490-0096-4ED6-BCA5-388488C92355}.Release|x64.ActiveCfg = Release|Any CPU
		{F9141490-0096-4ED6-BCA5-388488C92355}.Release|x64.Build.0 = Release|Any CPU
		{F9141490-0096-4ED6-BCA5-388488C92355}.Release|x86.ActiveCfg = Release|Any CPU
		{F9141490-0096-4ED6-BCA5-388488C92355}.Release|x86.Build.0 = Release|Any CPU
		{07B784A6-0B63-4026-9FCC-F440499F5929}.Debug|Any CPU.ActiveCfg = Debug|Any CPU
		{07B784A6-0B63-4026-9FCC-F440499F5929}.Debug|Any CPU.Build.0 = Debug|Any CPU
		{07B784A6-0B63-4026-9FCC-F440499F5929}.Debug|x64.ActiveCfg = Debug|Any CPU
		{07B784A6-0B63-4026-9FCC-F440499F5929}.Debug|x64.Build.0 = Debug|Any CPU
		{07B784A6-0B63-4026-9FCC-F440499F5929}.Debug|x86.ActiveCfg = Debug|Any CPU
		{07B784A6-0B63-4026-9FCC-F440499F5929}.Debug|x86.Build.0 = Debug|Any CPU
		{07B784A6-0B63-4026-9FCC-F440499F5929}.Release|Any CPU.ActiveCfg = Release|Any CPU
		{07B784A6-0B63-4026-9FCC-F440499F5929}.Release|Any CPU.Build.0 = Release|Any CPU
		{07B784A6-0B63-4026-9FCC-F440499F5929}.Release|x64.ActiveCfg = Release|Any CPU
		{07B784A6-0B63-4026-9FCC-F440499F5929}.Release|x64.Build.0 = Release|Any CPU
		{07B784A6-0B63-4026-9FCC-F440499F5929}.Release|x86.ActiveCfg = Release|Any CPU
		{07B784A6-0B63-4026-9FCC-F440499F5929}.Release|x86.Build.0 = Release|Any CPU
		{6C541A3E-AD86-4BF6-904C-FA20B2E3F351}.Debug|Any CPU.ActiveCfg = Debug|Any CPU
		{6C541A3E-AD86-4BF6-904C-FA20B2E3F351}.Debug|Any CPU.Build.0 = Debug|Any CPU
		{6C541A3E-AD86-4BF6-904C-FA20B2E3F351}.Debug|x64.ActiveCfg = Debug|Any CPU
		{6C541A3E-AD86-4BF6-904C-FA20B2E3F351}.Debug|x64.Build.0 = Debug|Any CPU
		{6C541A3E-AD86-4BF6-904C-FA20B2E3F351}.Debug|x86.ActiveCfg = Debug|Any CPU
		{6C541A3E-AD86-4BF6-904C-FA20B2E3F351}.Debug|x86.Build.0 = Debug|Any CPU
		{6C541A3E-AD86-4BF6-904C-FA20B2E3F351}.Release|Any CPU.ActiveCfg = Release|Any CPU
		{6C541A3E-AD86-4BF6-904C-FA20B2E3F351}.Release|Any CPU.Build.0 = Release|Any CPU
		{6C541A3E-AD86-4BF6-904C-FA20B2E3F351}.Release|x64.ActiveCfg = Release|Any CPU
		{6C541A3E-AD86-4BF6-904C-FA20B2E3F351}.Release|x64.Build.0 = Release|Any CPU
		{6C541A3E-AD86-4BF6-904C-FA20B2E3F351}.Release|x86.ActiveCfg = Release|Any CPU
		{6C541A3E-AD86-4BF6-904C-FA20B2E3F351}.Release|x86.Build.0 = Release|Any CPU
		{2886DF8D-C5F5-4543-BC56-A6885C17D2C5}.Debug|Any CPU.ActiveCfg = Debug|Any CPU
		{2886DF8D-C5F5-4543-BC56-A6885C17D2C5}.Debug|Any CPU.Build.0 = Debug|Any CPU
		{2886DF8D-C5F5-4543-BC56-A6885C17D2C5}.Debug|x64.ActiveCfg = Debug|Any CPU
		{2886DF8D-C5F5-4543-BC56-A6885C17D2C5}.Debug|x64.Build.0 = Debug|Any CPU
		{2886DF8D-C5F5-4543-BC56-A6885C17D2C5}.Debug|x86.ActiveCfg = Debug|Any CPU
		{2886DF8D-C5F5-4543-BC56-A6885C17D2C5}.Debug|x86.Build.0 = Debug|Any CPU
		{2886DF8D-C5F5-4543-BC56-A6885C17D2C5}.Release|Any CPU.ActiveCfg = Release|Any CPU
		{2886DF8D-C5F5-4543-BC56-A6885C17D2C5}.Release|Any CPU.Build.0 = Release|Any CPU
		{2886DF8D-C5F5-4543-BC56-A6885C17D2C5}.Release|x64.ActiveCfg = Release|Any CPU
		{2886DF8D-C5F5-4543-BC56-A6885C17D2C5}.Release|x64.Build.0 = Release|Any CPU
		{2886DF8D-C5F5-4543-BC56-A6885C17D2C5}.Release|x86.ActiveCfg = Release|Any CPU
		{2886DF8D-C5F5-4543-BC56-A6885C17D2C5}.Release|x86.Build.0 = Release|Any CPU
		{8976977D-BCE5-4AED-8745-D59F8A594861}.Debug|Any CPU.ActiveCfg = Debug|Any CPU
		{8976977D-BCE5-4AED-8745-D59F8A594861}.Debug|Any CPU.Build.0 = Debug|Any CPU
		{8976977D-BCE5-4AED-8745-D59F8A594861}.Debug|x64.ActiveCfg = Debug|Any CPU
		{8976977D-BCE5-4AED-8745-D59F8A594861}.Debug|x64.Build.0 = Debug|Any CPU
		{8976977D-BCE5-4AED-8745-D59F8A594861}.Debug|x86.ActiveCfg = Debug|Any CPU
		{8976977D-BCE5-4AED-8745-D59F8A594861}.Debug|x86.Build.0 = Debug|Any CPU
		{8976977D-BCE5-4AED-8745-D59F8A594861}.Release|Any CPU.ActiveCfg = Release|Any CPU
		{8976977D-BCE5-4AED-8745-D59F8A594861}.Release|Any CPU.Build.0 = Release|Any CPU
		{8976977D-BCE5-4AED-8745-D59F8A594861}.Release|x64.ActiveCfg = Release|Any CPU
		{8976977D-BCE5-4AED-8745-D59F8A594861}.Release|x64.Build.0 = Release|Any CPU
		{8976977D-BCE5-4AED-8745-D59F8A594861}.Release|x86.ActiveCfg = Release|Any CPU
		{8976977D-BCE5-4AED-8745-D59F8A594861}.Release|x86.Build.0 = Release|Any CPU
		{534B8859-414B-4A7B-B8DD-AD6EF22236FA}.Debug|Any CPU.ActiveCfg = Debug|Any CPU
		{534B8859-414B-4A7B-B8DD-AD6EF22236FA}.Debug|Any CPU.Build.0 = Debug|Any CPU
		{534B8859-414B-4A7B-B8DD-AD6EF22236FA}.Debug|x64.ActiveCfg = Debug|Any CPU
		{534B8859-414B-4A7B-B8DD-AD6EF22236FA}.Debug|x64.Build.0 = Debug|Any CPU
		{534B8859-414B-4A7B-B8DD-AD6EF22236FA}.Debug|x86.ActiveCfg = Debug|Any CPU
		{534B8859-414B-4A7B-B8DD-AD6EF22236FA}.Debug|x86.Build.0 = Debug|Any CPU
		{534B8859-414B-4A7B-B8DD-AD6EF22236FA}.Release|Any CPU.ActiveCfg = Release|Any CPU
		{534B8859-414B-4A7B-B8DD-AD6EF22236FA}.Release|Any CPU.Build.0 = Release|Any CPU
		{534B8859-414B-4A7B-B8DD-AD6EF22236FA}.Release|x64.ActiveCfg = Release|Any CPU
		{534B8859-414B-4A7B-B8DD-AD6EF22236FA}.Release|x64.Build.0 = Release|Any CPU
		{534B8859-414B-4A7B-B8DD-AD6EF22236FA}.Release|x86.ActiveCfg = Release|Any CPU
		{534B8859-414B-4A7B-B8DD-AD6EF22236FA}.Release|x86.Build.0 = Release|Any CPU
		{045D356D-148D-4725-8C8F-10CA5EEBF240}.Debug|Any CPU.ActiveCfg = Debug|Any CPU
		{045D356D-148D-4725-8C8F-10CA5EEBF240}.Debug|Any CPU.Build.0 = Debug|Any CPU
		{045D356D-148D-4725-8C8F-10CA5EEBF240}.Debug|x64.ActiveCfg = Debug|Any CPU
		{045D356D-148D-4725-8C8F-10CA5EEBF240}.Debug|x64.Build.0 = Debug|Any CPU
		{045D356D-148D-4725-8C8F-10CA5EEBF240}.Debug|x86.ActiveCfg = Debug|Any CPU
		{045D356D-148D-4725-8C8F-10CA5EEBF240}.Debug|x86.Build.0 = Debug|Any CPU
		{045D356D-148D-4725-8C8F-10CA5EEBF240}.Release|Any CPU.ActiveCfg = Release|Any CPU
		{045D356D-148D-4725-8C8F-10CA5EEBF240}.Release|Any CPU.Build.0 = Release|Any CPU
		{045D356D-148D-4725-8C8F-10CA5EEBF240}.Release|x64.ActiveCfg = Release|Any CPU
		{045D356D-148D-4725-8C8F-10CA5EEBF240}.Release|x64.Build.0 = Release|Any CPU
		{045D356D-148D-4725-8C8F-10CA5EEBF240}.Release|x86.ActiveCfg = Release|Any CPU
		{045D356D-148D-4725-8C8F-10CA5EEBF240}.Release|x86.Build.0 = Release|Any CPU
		{CD47B780-0D57-459E-9662-B59B415E7E95}.Debug|Any CPU.ActiveCfg = Debug|Any CPU
		{CD47B780-0D57-459E-9662-B59B415E7E95}.Debug|Any CPU.Build.0 = Debug|Any CPU
		{CD47B780-0D57-459E-9662-B59B415E7E95}.Debug|x64.ActiveCfg = Debug|Any CPU
		{CD47B780-0D57-459E-9662-B59B415E7E95}.Debug|x64.Build.0 = Debug|Any CPU
		{CD47B780-0D57-459E-9662-B59B415E7E95}.Debug|x86.ActiveCfg = Debug|Any CPU
		{CD47B780-0D57-459E-9662-B59B415E7E95}.Debug|x86.Build.0 = Debug|Any CPU
		{CD47B780-0D57-459E-9662-B59B415E7E95}.Release|Any CPU.ActiveCfg = Release|Any CPU
		{CD47B780-0D57-459E-9662-B59B415E7E95}.Release|Any CPU.Build.0 = Release|Any CPU
		{CD47B780-0D57-459E-9662-B59B415E7E95}.Release|x64.ActiveCfg = Release|Any CPU
		{CD47B780-0D57-459E-9662-B59B415E7E95}.Release|x64.Build.0 = Release|Any CPU
		{CD47B780-0D57-459E-9662-B59B415E7E95}.Release|x86.ActiveCfg = Release|Any CPU
		{CD47B780-0D57-459E-9662-B59B415E7E95}.Release|x86.Build.0 = Release|Any CPU
		{12A666AD-D27E-47C7-94CD-257F497269B3}.Debug|Any CPU.ActiveCfg = Debug|Any CPU
		{12A666AD-D27E-47C7-94CD-257F497269B3}.Debug|Any CPU.Build.0 = Debug|Any CPU
		{12A666AD-D27E-47C7-94CD-257F497269B3}.Debug|x64.ActiveCfg = Debug|Any CPU
		{12A666AD-D27E-47C7-94CD-257F497269B3}.Debug|x64.Build.0 = Debug|Any CPU
		{12A666AD-D27E-47C7-94CD-257F497269B3}.Debug|x86.ActiveCfg = Debug|Any CPU
		{12A666AD-D27E-47C7-94CD-257F497269B3}.Debug|x86.Build.0 = Debug|Any CPU
		{12A666AD-D27E-47C7-94CD-257F497269B3}.Release|Any CPU.ActiveCfg = Release|Any CPU
		{12A666AD-D27E-47C7-94CD-257F497269B3}.Release|Any CPU.Build.0 = Release|Any CPU
		{12A666AD-D27E-47C7-94CD-257F497269B3}.Release|x64.ActiveCfg = Release|Any CPU
		{12A666AD-D27E-47C7-94CD-257F497269B3}.Release|x64.Build.0 = Release|Any CPU
		{12A666AD-D27E-47C7-94CD-257F497269B3}.Release|x86.ActiveCfg = Release|Any CPU
		{12A666AD-D27E-47C7-94CD-257F497269B3}.Release|x86.Build.0 = Release|Any CPU
		{7BCEA5EB-F24D-4EAE-89CB-0EA9D8AE0ABD}.Debug|Any CPU.ActiveCfg = Debug|Any CPU
		{7BCEA5EB-F24D-4EAE-89CB-0EA9D8AE0ABD}.Debug|Any CPU.Build.0 = Debug|Any CPU
		{7BCEA5EB-F24D-4EAE-89CB-0EA9D8AE0ABD}.Debug|x64.ActiveCfg = Debug|Any CPU
		{7BCEA5EB-F24D-4EAE-89CB-0EA9D8AE0ABD}.Debug|x64.Build.0 = Debug|Any CPU
		{7BCEA5EB-F24D-4EAE-89CB-0EA9D8AE0ABD}.Debug|x86.ActiveCfg = Debug|Any CPU
		{7BCEA5EB-F24D-4EAE-89CB-0EA9D8AE0ABD}.Debug|x86.Build.0 = Debug|Any CPU
		{7BCEA5EB-F24D-4EAE-89CB-0EA9D8AE0ABD}.Release|Any CPU.ActiveCfg = Release|Any CPU
		{7BCEA5EB-F24D-4EAE-89CB-0EA9D8AE0ABD}.Release|Any CPU.Build.0 = Release|Any CPU
		{7BCEA5EB-F24D-4EAE-89CB-0EA9D8AE0ABD}.Release|x64.ActiveCfg = Release|Any CPU
		{7BCEA5EB-F24D-4EAE-89CB-0EA9D8AE0ABD}.Release|x64.Build.0 = Release|Any CPU
		{7BCEA5EB-F24D-4EAE-89CB-0EA9D8AE0ABD}.Release|x86.ActiveCfg = Release|Any CPU
		{7BCEA5EB-F24D-4EAE-89CB-0EA9D8AE0ABD}.Release|x86.Build.0 = Release|Any CPU
		{FBBDE2D3-CEB8-4428-BEEA-559CE5DD4F20}.Debug|Any CPU.ActiveCfg = Debug|Any CPU
		{FBBDE2D3-CEB8-4428-BEEA-559CE5DD4F20}.Debug|Any CPU.Build.0 = Debug|Any CPU
		{FBBDE2D3-CEB8-4428-BEEA-559CE5DD4F20}.Debug|x64.ActiveCfg = Debug|Any CPU
		{FBBDE2D3-CEB8-4428-BEEA-559CE5DD4F20}.Debug|x64.Build.0 = Debug|Any CPU
		{FBBDE2D3-CEB8-4428-BEEA-559CE5DD4F20}.Debug|x86.ActiveCfg = Debug|Any CPU
		{FBBDE2D3-CEB8-4428-BEEA-559CE5DD4F20}.Debug|x86.Build.0 = Debug|Any CPU
		{FBBDE2D3-CEB8-4428-BEEA-559CE5DD4F20}.Release|Any CPU.ActiveCfg = Release|Any CPU
		{FBBDE2D3-CEB8-4428-BEEA-559CE5DD4F20}.Release|Any CPU.Build.0 = Release|Any CPU
		{FBBDE2D3-CEB8-4428-BEEA-559CE5DD4F20}.Release|x64.ActiveCfg = Release|Any CPU
		{FBBDE2D3-CEB8-4428-BEEA-559CE5DD4F20}.Release|x64.Build.0 = Release|Any CPU
		{FBBDE2D3-CEB8-4428-BEEA-559CE5DD4F20}.Release|x86.ActiveCfg = Release|Any CPU
		{FBBDE2D3-CEB8-4428-BEEA-559CE5DD4F20}.Release|x86.Build.0 = Release|Any CPU
		{9DCDAFBF-7F26-423C-A352-A83E8D7CA59A}.Debug|Any CPU.ActiveCfg = Debug|Any CPU
		{9DCDAFBF-7F26-423C-A352-A83E8D7CA59A}.Debug|Any CPU.Build.0 = Debug|Any CPU
		{9DCDAFBF-7F26-423C-A352-A83E8D7CA59A}.Debug|x64.ActiveCfg = Debug|Any CPU
		{9DCDAFBF-7F26-423C-A352-A83E8D7CA59A}.Debug|x64.Build.0 = Debug|Any CPU
		{9DCDAFBF-7F26-423C-A352-A83E8D7CA59A}.Debug|x86.ActiveCfg = Debug|Any CPU
		{9DCDAFBF-7F26-423C-A352-A83E8D7CA59A}.Debug|x86.Build.0 = Debug|Any CPU
		{9DCDAFBF-7F26-423C-A352-A83E8D7CA59A}.Release|Any CPU.ActiveCfg = Release|Any CPU
		{9DCDAFBF-7F26-423C-A352-A83E8D7CA59A}.Release|Any CPU.Build.0 = Release|Any CPU
		{9DCDAFBF-7F26-423C-A352-A83E8D7CA59A}.Release|x64.ActiveCfg = Release|Any CPU
		{9DCDAFBF-7F26-423C-A352-A83E8D7CA59A}.Release|x64.Build.0 = Release|Any CPU
		{9DCDAFBF-7F26-423C-A352-A83E8D7CA59A}.Release|x86.ActiveCfg = Release|Any CPU
		{9DCDAFBF-7F26-423C-A352-A83E8D7CA59A}.Release|x86.Build.0 = Release|Any CPU
		{C6852B53-8C12-4DEE-9F0C-CFC95AB817D6}.Debug|Any CPU.ActiveCfg = Debug|Any CPU
		{C6852B53-8C12-4DEE-9F0C-CFC95AB817D6}.Debug|Any CPU.Build.0 = Debug|Any CPU
		{C6852B53-8C12-4DEE-9F0C-CFC95AB817D6}.Debug|x64.ActiveCfg = Debug|Any CPU
		{C6852B53-8C12-4DEE-9F0C-CFC95AB817D6}.Debug|x64.Build.0 = Debug|Any CPU
		{C6852B53-8C12-4DEE-9F0C-CFC95AB817D6}.Debug|x86.ActiveCfg = Debug|Any CPU
		{C6852B53-8C12-4DEE-9F0C-CFC95AB817D6}.Debug|x86.Build.0 = Debug|Any CPU
		{C6852B53-8C12-4DEE-9F0C-CFC95AB817D6}.Release|Any CPU.ActiveCfg = Release|Any CPU
		{C6852B53-8C12-4DEE-9F0C-CFC95AB817D6}.Release|Any CPU.Build.0 = Release|Any CPU
		{C6852B53-8C12-4DEE-9F0C-CFC95AB817D6}.Release|x64.ActiveCfg = Release|Any CPU
		{C6852B53-8C12-4DEE-9F0C-CFC95AB817D6}.Release|x64.Build.0 = Release|Any CPU
		{C6852B53-8C12-4DEE-9F0C-CFC95AB817D6}.Release|x86.ActiveCfg = Release|Any CPU
		{C6852B53-8C12-4DEE-9F0C-CFC95AB817D6}.Release|x86.Build.0 = Release|Any CPU
		{EA2475FD-F350-4E76-8EBD-A161D6307442}.Debug|Any CPU.ActiveCfg = Debug|Any CPU
		{EA2475FD-F350-4E76-8EBD-A161D6307442}.Debug|Any CPU.Build.0 = Debug|Any CPU
		{EA2475FD-F350-4E76-8EBD-A161D6307442}.Debug|x64.ActiveCfg = Debug|Any CPU
		{EA2475FD-F350-4E76-8EBD-A161D6307442}.Debug|x64.Build.0 = Debug|Any CPU
		{EA2475FD-F350-4E76-8EBD-A161D6307442}.Debug|x86.ActiveCfg = Debug|Any CPU
		{EA2475FD-F350-4E76-8EBD-A161D6307442}.Debug|x86.Build.0 = Debug|Any CPU
		{EA2475FD-F350-4E76-8EBD-A161D6307442}.Release|Any CPU.ActiveCfg = Release|Any CPU
		{EA2475FD-F350-4E76-8EBD-A161D6307442}.Release|Any CPU.Build.0 = Release|Any CPU
		{EA2475FD-F350-4E76-8EBD-A161D6307442}.Release|x64.ActiveCfg = Release|Any CPU
		{EA2475FD-F350-4E76-8EBD-A161D6307442}.Release|x64.Build.0 = Release|Any CPU
		{EA2475FD-F350-4E76-8EBD-A161D6307442}.Release|x86.ActiveCfg = Release|Any CPU
		{EA2475FD-F350-4E76-8EBD-A161D6307442}.Release|x86.Build.0 = Release|Any CPU
		{981B1850-8BD5-4042-921E-C5BB342E4321}.Debug|Any CPU.ActiveCfg = Debug|Any CPU
		{981B1850-8BD5-4042-921E-C5BB342E4321}.Debug|Any CPU.Build.0 = Debug|Any CPU
		{981B1850-8BD5-4042-921E-C5BB342E4321}.Debug|x64.ActiveCfg = Debug|Any CPU
		{981B1850-8BD5-4042-921E-C5BB342E4321}.Debug|x64.Build.0 = Debug|Any CPU
		{981B1850-8BD5-4042-921E-C5BB342E4321}.Debug|x86.ActiveCfg = Debug|Any CPU
		{981B1850-8BD5-4042-921E-C5BB342E4321}.Debug|x86.Build.0 = Debug|Any CPU
		{981B1850-8BD5-4042-921E-C5BB342E4321}.Release|Any CPU.ActiveCfg = Release|Any CPU
		{981B1850-8BD5-4042-921E-C5BB342E4321}.Release|Any CPU.Build.0 = Release|Any CPU
		{981B1850-8BD5-4042-921E-C5BB342E4321}.Release|x64.ActiveCfg = Release|Any CPU
		{981B1850-8BD5-4042-921E-C5BB342E4321}.Release|x64.Build.0 = Release|Any CPU
		{981B1850-8BD5-4042-921E-C5BB342E4321}.Release|x86.ActiveCfg = Release|Any CPU
		{981B1850-8BD5-4042-921E-C5BB342E4321}.Release|x86.Build.0 = Release|Any CPU
		{A8A43E05-EF9D-4126-A56D-901D024620B4}.Debug|Any CPU.ActiveCfg = Debug|Any CPU
		{A8A43E05-EF9D-4126-A56D-901D024620B4}.Debug|Any CPU.Build.0 = Debug|Any CPU
		{A8A43E05-EF9D-4126-A56D-901D024620B4}.Debug|x64.ActiveCfg = Debug|Any CPU
		{A8A43E05-EF9D-4126-A56D-901D024620B4}.Debug|x64.Build.0 = Debug|Any CPU
		{A8A43E05-EF9D-4126-A56D-901D024620B4}.Debug|x86.ActiveCfg = Debug|Any CPU
		{A8A43E05-EF9D-4126-A56D-901D024620B4}.Debug|x86.Build.0 = Debug|Any CPU
		{A8A43E05-EF9D-4126-A56D-901D024620B4}.Release|Any CPU.ActiveCfg = Release|Any CPU
		{A8A43E05-EF9D-4126-A56D-901D024620B4}.Release|Any CPU.Build.0 = Release|Any CPU
		{A8A43E05-EF9D-4126-A56D-901D024620B4}.Release|x64.ActiveCfg = Release|Any CPU
		{A8A43E05-EF9D-4126-A56D-901D024620B4}.Release|x64.Build.0 = Release|Any CPU
		{A8A43E05-EF9D-4126-A56D-901D024620B4}.Release|x86.ActiveCfg = Release|Any CPU
		{A8A43E05-EF9D-4126-A56D-901D024620B4}.Release|x86.Build.0 = Release|Any CPU
		{E75DEB60-BD78-4840-A904-7F20B467F39A}.Debug|Any CPU.ActiveCfg = Debug|Any CPU
		{E75DEB60-BD78-4840-A904-7F20B467F39A}.Debug|Any CPU.Build.0 = Debug|Any CPU
		{E75DEB60-BD78-4840-A904-7F20B467F39A}.Debug|x64.ActiveCfg = Debug|Any CPU
		{E75DEB60-BD78-4840-A904-7F20B467F39A}.Debug|x64.Build.0 = Debug|Any CPU
		{E75DEB60-BD78-4840-A904-7F20B467F39A}.Debug|x86.ActiveCfg = Debug|Any CPU
		{E75DEB60-BD78-4840-A904-7F20B467F39A}.Debug|x86.Build.0 = Debug|Any CPU
		{E75DEB60-BD78-4840-A904-7F20B467F39A}.Release|Any CPU.ActiveCfg = Release|Any CPU
		{E75DEB60-BD78-4840-A904-7F20B467F39A}.Release|Any CPU.Build.0 = Release|Any CPU
		{E75DEB60-BD78-4840-A904-7F20B467F39A}.Release|x64.ActiveCfg = Release|Any CPU
		{E75DEB60-BD78-4840-A904-7F20B467F39A}.Release|x64.Build.0 = Release|Any CPU
		{E75DEB60-BD78-4840-A904-7F20B467F39A}.Release|x86.ActiveCfg = Release|Any CPU
		{E75DEB60-BD78-4840-A904-7F20B467F39A}.Release|x86.Build.0 = Release|Any CPU
		{392D8E23-A801-483A-9D28-8BF4AB415CF3}.Debug|Any CPU.ActiveCfg = Debug|Any CPU
		{392D8E23-A801-483A-9D28-8BF4AB415CF3}.Debug|Any CPU.Build.0 = Debug|Any CPU
		{392D8E23-A801-483A-9D28-8BF4AB415CF3}.Debug|x64.ActiveCfg = Debug|Any CPU
		{392D8E23-A801-483A-9D28-8BF4AB415CF3}.Debug|x64.Build.0 = Debug|Any CPU
		{392D8E23-A801-483A-9D28-8BF4AB415CF3}.Debug|x86.ActiveCfg = Debug|Any CPU
		{392D8E23-A801-483A-9D28-8BF4AB415CF3}.Debug|x86.Build.0 = Debug|Any CPU
		{392D8E23-A801-483A-9D28-8BF4AB415CF3}.Release|Any CPU.ActiveCfg = Release|Any CPU
		{392D8E23-A801-483A-9D28-8BF4AB415CF3}.Release|Any CPU.Build.0 = Release|Any CPU
		{392D8E23-A801-483A-9D28-8BF4AB415CF3}.Release|x64.ActiveCfg = Release|Any CPU
		{392D8E23-A801-483A-9D28-8BF4AB415CF3}.Release|x64.Build.0 = Release|Any CPU
		{392D8E23-A801-483A-9D28-8BF4AB415CF3}.Release|x86.ActiveCfg = Release|Any CPU
		{392D8E23-A801-483A-9D28-8BF4AB415CF3}.Release|x86.Build.0 = Release|Any CPU
		{3BE30DF8-9254-4F84-8BFE-C02F5CAFAEDF}.Debug|Any CPU.ActiveCfg = Debug|Any CPU
		{3BE30DF8-9254-4F84-8BFE-C02F5CAFAEDF}.Debug|Any CPU.Build.0 = Debug|Any CPU
		{3BE30DF8-9254-4F84-8BFE-C02F5CAFAEDF}.Debug|x64.ActiveCfg = Debug|Any CPU
		{3BE30DF8-9254-4F84-8BFE-C02F5CAFAEDF}.Debug|x64.Build.0 = Debug|Any CPU
		{3BE30DF8-9254-4F84-8BFE-C02F5CAFAEDF}.Debug|x86.ActiveCfg = Debug|Any CPU
		{3BE30DF8-9254-4F84-8BFE-C02F5CAFAEDF}.Debug|x86.Build.0 = Debug|Any CPU
		{3BE30DF8-9254-4F84-8BFE-C02F5CAFAEDF}.Release|Any CPU.ActiveCfg = Release|Any CPU
		{3BE30DF8-9254-4F84-8BFE-C02F5CAFAEDF}.Release|Any CPU.Build.0 = Release|Any CPU
		{3BE30DF8-9254-4F84-8BFE-C02F5CAFAEDF}.Release|x64.ActiveCfg = Release|Any CPU
		{3BE30DF8-9254-4F84-8BFE-C02F5CAFAEDF}.Release|x64.Build.0 = Release|Any CPU
		{3BE30DF8-9254-4F84-8BFE-C02F5CAFAEDF}.Release|x86.ActiveCfg = Release|Any CPU
		{3BE30DF8-9254-4F84-8BFE-C02F5CAFAEDF}.Release|x86.Build.0 = Release|Any CPU
		{5750330C-9002-45B3-AC94-7EA4B16749BD}.Debug|Any CPU.ActiveCfg = Debug|Any CPU
		{5750330C-9002-45B3-AC94-7EA4B16749BD}.Debug|Any CPU.Build.0 = Debug|Any CPU
		{5750330C-9002-45B3-AC94-7EA4B16749BD}.Debug|x64.ActiveCfg = Debug|Any CPU
		{5750330C-9002-45B3-AC94-7EA4B16749BD}.Debug|x64.Build.0 = Debug|Any CPU
		{5750330C-9002-45B3-AC94-7EA4B16749BD}.Debug|x86.ActiveCfg = Debug|Any CPU
		{5750330C-9002-45B3-AC94-7EA4B16749BD}.Debug|x86.Build.0 = Debug|Any CPU
		{5750330C-9002-45B3-AC94-7EA4B16749BD}.Release|Any CPU.ActiveCfg = Release|Any CPU
		{5750330C-9002-45B3-AC94-7EA4B16749BD}.Release|Any CPU.Build.0 = Release|Any CPU
		{5750330C-9002-45B3-AC94-7EA4B16749BD}.Release|x64.ActiveCfg = Release|Any CPU
		{5750330C-9002-45B3-AC94-7EA4B16749BD}.Release|x64.Build.0 = Release|Any CPU
		{5750330C-9002-45B3-AC94-7EA4B16749BD}.Release|x86.ActiveCfg = Release|Any CPU
		{5750330C-9002-45B3-AC94-7EA4B16749BD}.Release|x86.Build.0 = Release|Any CPU
		{B6671E45-E462-49C4-B4F9-7CF8A0FC8F33}.Debug|Any CPU.ActiveCfg = Debug|Any CPU
		{B6671E45-E462-49C4-B4F9-7CF8A0FC8F33}.Debug|Any CPU.Build.0 = Debug|Any CPU
		{B6671E45-E462-49C4-B4F9-7CF8A0FC8F33}.Debug|x64.ActiveCfg = Debug|Any CPU
		{B6671E45-E462-49C4-B4F9-7CF8A0FC8F33}.Debug|x64.Build.0 = Debug|Any CPU
		{B6671E45-E462-49C4-B4F9-7CF8A0FC8F33}.Debug|x86.ActiveCfg = Debug|Any CPU
		{B6671E45-E462-49C4-B4F9-7CF8A0FC8F33}.Debug|x86.Build.0 = Debug|Any CPU
		{B6671E45-E462-49C4-B4F9-7CF8A0FC8F33}.Release|Any CPU.ActiveCfg = Release|Any CPU
		{B6671E45-E462-49C4-B4F9-7CF8A0FC8F33}.Release|Any CPU.Build.0 = Release|Any CPU
		{B6671E45-E462-49C4-B4F9-7CF8A0FC8F33}.Release|x64.ActiveCfg = Release|Any CPU
		{B6671E45-E462-49C4-B4F9-7CF8A0FC8F33}.Release|x64.Build.0 = Release|Any CPU
		{B6671E45-E462-49C4-B4F9-7CF8A0FC8F33}.Release|x86.ActiveCfg = Release|Any CPU
		{B6671E45-E462-49C4-B4F9-7CF8A0FC8F33}.Release|x86.Build.0 = Release|Any CPU
		{7AC2B523-3B3D-422F-A2B2-9B76884EFD90}.Debug|Any CPU.ActiveCfg = Debug|Any CPU
		{7AC2B523-3B3D-422F-A2B2-9B76884EFD90}.Debug|Any CPU.Build.0 = Debug|Any CPU
		{7AC2B523-3B3D-422F-A2B2-9B76884EFD90}.Debug|x64.ActiveCfg = Debug|Any CPU
		{7AC2B523-3B3D-422F-A2B2-9B76884EFD90}.Debug|x64.Build.0 = Debug|Any CPU
		{7AC2B523-3B3D-422F-A2B2-9B76884EFD90}.Debug|x86.ActiveCfg = Debug|Any CPU
		{7AC2B523-3B3D-422F-A2B2-9B76884EFD90}.Debug|x86.Build.0 = Debug|Any CPU
		{7AC2B523-3B3D-422F-A2B2-9B76884EFD90}.Release|Any CPU.ActiveCfg = Release|Any CPU
		{7AC2B523-3B3D-422F-A2B2-9B76884EFD90}.Release|Any CPU.Build.0 = Release|Any CPU
		{7AC2B523-3B3D-422F-A2B2-9B76884EFD90}.Release|x64.ActiveCfg = Release|Any CPU
		{7AC2B523-3B3D-422F-A2B2-9B76884EFD90}.Release|x64.Build.0 = Release|Any CPU
		{7AC2B523-3B3D-422F-A2B2-9B76884EFD90}.Release|x86.ActiveCfg = Release|Any CPU
		{7AC2B523-3B3D-422F-A2B2-9B76884EFD90}.Release|x86.Build.0 = Release|Any CPU
		{23EE057F-201E-4E73-A6C5-A3D2862CABB3}.Debug|Any CPU.ActiveCfg = Debug|Any CPU
		{23EE057F-201E-4E73-A6C5-A3D2862CABB3}.Debug|Any CPU.Build.0 = Debug|Any CPU
		{23EE057F-201E-4E73-A6C5-A3D2862CABB3}.Debug|x64.ActiveCfg = Debug|Any CPU
		{23EE057F-201E-4E73-A6C5-A3D2862CABB3}.Debug|x64.Build.0 = Debug|Any CPU
		{23EE057F-201E-4E73-A6C5-A3D2862CABB3}.Debug|x86.ActiveCfg = Debug|Any CPU
		{23EE057F-201E-4E73-A6C5-A3D2862CABB3}.Debug|x86.Build.0 = Debug|Any CPU
		{23EE057F-201E-4E73-A6C5-A3D2862CABB3}.Release|Any CPU.ActiveCfg = Release|Any CPU
		{23EE057F-201E-4E73-A6C5-A3D2862CABB3}.Release|Any CPU.Build.0 = Release|Any CPU
		{23EE057F-201E-4E73-A6C5-A3D2862CABB3}.Release|x64.ActiveCfg = Release|Any CPU
		{23EE057F-201E-4E73-A6C5-A3D2862CABB3}.Release|x64.Build.0 = Release|Any CPU
		{23EE057F-201E-4E73-A6C5-A3D2862CABB3}.Release|x86.ActiveCfg = Release|Any CPU
		{23EE057F-201E-4E73-A6C5-A3D2862CABB3}.Release|x86.Build.0 = Release|Any CPU
		{AF875373-3962-43A4-A19C-F535D3D3CB12}.Debug|Any CPU.ActiveCfg = Debug|Any CPU
		{AF875373-3962-43A4-A19C-F535D3D3CB12}.Debug|Any CPU.Build.0 = Debug|Any CPU
		{AF875373-3962-43A4-A19C-F535D3D3CB12}.Debug|x64.ActiveCfg = Debug|Any CPU
		{AF875373-3962-43A4-A19C-F535D3D3CB12}.Debug|x64.Build.0 = Debug|Any CPU
		{AF875373-3962-43A4-A19C-F535D3D3CB12}.Debug|x86.ActiveCfg = Debug|Any CPU
		{AF875373-3962-43A4-A19C-F535D3D3CB12}.Debug|x86.Build.0 = Debug|Any CPU
		{AF875373-3962-43A4-A19C-F535D3D3CB12}.Release|Any CPU.ActiveCfg = Release|Any CPU
		{AF875373-3962-43A4-A19C-F535D3D3CB12}.Release|Any CPU.Build.0 = Release|Any CPU
		{AF875373-3962-43A4-A19C-F535D3D3CB12}.Release|x64.ActiveCfg = Release|Any CPU
		{AF875373-3962-43A4-A19C-F535D3D3CB12}.Release|x64.Build.0 = Release|Any CPU
		{AF875373-3962-43A4-A19C-F535D3D3CB12}.Release|x86.ActiveCfg = Release|Any CPU
		{AF875373-3962-43A4-A19C-F535D3D3CB12}.Release|x86.Build.0 = Release|Any CPU
		{AC0C5C1F-5801-4997-921C-3D3C143B1BC9}.Debug|Any CPU.ActiveCfg = Debug|Any CPU
		{AC0C5C1F-5801-4997-921C-3D3C143B1BC9}.Debug|Any CPU.Build.0 = Debug|Any CPU
		{AC0C5C1F-5801-4997-921C-3D3C143B1BC9}.Debug|x64.ActiveCfg = Debug|Any CPU
		{AC0C5C1F-5801-4997-921C-3D3C143B1BC9}.Debug|x64.Build.0 = Debug|Any CPU
		{AC0C5C1F-5801-4997-921C-3D3C143B1BC9}.Debug|x86.ActiveCfg = Debug|Any CPU
		{AC0C5C1F-5801-4997-921C-3D3C143B1BC9}.Debug|x86.Build.0 = Debug|Any CPU
		{AC0C5C1F-5801-4997-921C-3D3C143B1BC9}.Release|Any CPU.ActiveCfg = Release|Any CPU
		{AC0C5C1F-5801-4997-921C-3D3C143B1BC9}.Release|Any CPU.Build.0 = Release|Any CPU
		{AC0C5C1F-5801-4997-921C-3D3C143B1BC9}.Release|x64.ActiveCfg = Release|Any CPU
		{AC0C5C1F-5801-4997-921C-3D3C143B1BC9}.Release|x64.Build.0 = Release|Any CPU
		{AC0C5C1F-5801-4997-921C-3D3C143B1BC9}.Release|x86.ActiveCfg = Release|Any CPU
		{AC0C5C1F-5801-4997-921C-3D3C143B1BC9}.Release|x86.Build.0 = Release|Any CPU
		{4C79B1E3-038C-4F3C-B4FE-85E452E01CDF}.Debug|Any CPU.ActiveCfg = Debug|Any CPU
		{4C79B1E3-038C-4F3C-B4FE-85E452E01CDF}.Debug|Any CPU.Build.0 = Debug|Any CPU
		{4C79B1E3-038C-4F3C-B4FE-85E452E01CDF}.Debug|x64.ActiveCfg = Debug|Any CPU
		{4C79B1E3-038C-4F3C-B4FE-85E452E01CDF}.Debug|x64.Build.0 = Debug|Any CPU
		{4C79B1E3-038C-4F3C-B4FE-85E452E01CDF}.Debug|x86.ActiveCfg = Debug|Any CPU
		{4C79B1E3-038C-4F3C-B4FE-85E452E01CDF}.Debug|x86.Build.0 = Debug|Any CPU
		{4C79B1E3-038C-4F3C-B4FE-85E452E01CDF}.Release|Any CPU.ActiveCfg = Release|Any CPU
		{4C79B1E3-038C-4F3C-B4FE-85E452E01CDF}.Release|Any CPU.Build.0 = Release|Any CPU
		{4C79B1E3-038C-4F3C-B4FE-85E452E01CDF}.Release|x64.ActiveCfg = Release|Any CPU
		{4C79B1E3-038C-4F3C-B4FE-85E452E01CDF}.Release|x64.Build.0 = Release|Any CPU
		{4C79B1E3-038C-4F3C-B4FE-85E452E01CDF}.Release|x86.ActiveCfg = Release|Any CPU
		{4C79B1E3-038C-4F3C-B4FE-85E452E01CDF}.Release|x86.Build.0 = Release|Any CPU
		{15524D51-DABD-4715-B440-1914F010974A}.Debug|Any CPU.ActiveCfg = Debug|Any CPU
		{15524D51-DABD-4715-B440-1914F010974A}.Debug|Any CPU.Build.0 = Debug|Any CPU
		{15524D51-DABD-4715-B440-1914F010974A}.Debug|x64.ActiveCfg = Debug|Any CPU
		{15524D51-DABD-4715-B440-1914F010974A}.Debug|x64.Build.0 = Debug|Any CPU
		{15524D51-DABD-4715-B440-1914F010974A}.Debug|x86.ActiveCfg = Debug|Any CPU
		{15524D51-DABD-4715-B440-1914F010974A}.Debug|x86.Build.0 = Debug|Any CPU
		{15524D51-DABD-4715-B440-1914F010974A}.Release|Any CPU.ActiveCfg = Release|Any CPU
		{15524D51-DABD-4715-B440-1914F010974A}.Release|Any CPU.Build.0 = Release|Any CPU
		{15524D51-DABD-4715-B440-1914F010974A}.Release|x64.ActiveCfg = Release|Any CPU
		{15524D51-DABD-4715-B440-1914F010974A}.Release|x64.Build.0 = Release|Any CPU
		{15524D51-DABD-4715-B440-1914F010974A}.Release|x86.ActiveCfg = Release|Any CPU
		{15524D51-DABD-4715-B440-1914F010974A}.Release|x86.Build.0 = Release|Any CPU
	EndGlobalSection
	GlobalSection(SolutionProperties) = preSolution
		HideSolutionNode = FALSE
	EndGlobalSection
	GlobalSection(NestedProjects) = preSolution
		{1CC180B5-AA09-2C35-115A-569411B97A5C} = {4F52FD11-658E-A102-6CD3-7D7C16FFA15B}
		{4233B4B5-32FB-4CB4-8E17-A2C05161B60F} = {1CC180B5-AA09-2C35-115A-569411B97A5C}
		{950373AF-FC47-433E-9961-E8E49CC2FAC1} = {1CC180B5-AA09-2C35-115A-569411B97A5C}
		{9BBCE918-0A2D-4E17-B1D0-1232B6BA82EA} = {1CC180B5-AA09-2C35-115A-569411B97A5C}
		{5B20C1BD-5918-4F05-80DB-DC365A895C7E} = {1CC180B5-AA09-2C35-115A-569411B97A5C}
		{C790672D-EA23-4EE5-9C96-90989722EB4E} = {1CC180B5-AA09-2C35-115A-569411B97A5C}
		{AB04EDC2-65BF-4167-B5B5-DC5B9CEAD184} = {1787FE1D-075E-9E68-7218-25F1BD1BBEAB}
		{AB2743C2-3E81-46BE-B5F1-1C85C2238C5C} = {1787FE1D-075E-9E68-7218-25F1BD1BBEAB}
		{97B7866C-7B88-418F-9EA9-1E41B7919144} = {1787FE1D-075E-9E68-7218-25F1BD1BBEAB}
		{4EDC3539-F9A4-47CE-B016-EE4565018A8A} = {1787FE1D-075E-9E68-7218-25F1BD1BBEAB}
		{CB42E8AC-7934-AA08-ACDB-015C3A53E336} = {CA253913-39DE-BFD0-C9A3-4B7EC6FBDF17}
		{6003E5DD-F78F-43AC-93B0-AEF26EB65713} = {CB42E8AC-7934-AA08-ACDB-015C3A53E336}
		{ACDA0759-D5A9-4111-BBB3-9454A396C51E} = {CB42E8AC-7934-AA08-ACDB-015C3A53E336}
		{F5D571B8-D35C-46F5-ACF6-888A42174D7A} = {CB42E8AC-7934-AA08-ACDB-015C3A53E336}
		{1B0072FE-EBD5-4FBE-955A-F5653F0855B3} = {CB42E8AC-7934-AA08-ACDB-015C3A53E336}
		{0D903C5D-9EC2-FC13-3549-A2B4B54D97AB} = {CA253913-39DE-BFD0-C9A3-4B7EC6FBDF17}
		{FF2F4212-76C2-4ECD-85AF-E1A9E2A8F151} = {0D903C5D-9EC2-FC13-3549-A2B4B54D97AB}
		{60DC9B8E-7915-4B9D-8DE8-4A6E3A4F0EB7} = {0D903C5D-9EC2-FC13-3549-A2B4B54D97AB}
		{F9141490-0096-4ED6-BCA5-388488C92355} = {0D903C5D-9EC2-FC13-3549-A2B4B54D97AB}
		{07B784A6-0B63-4026-9FCC-F440499F5929} = {0D903C5D-9EC2-FC13-3549-A2B4B54D97AB}
		{06DBE845-6D7B-E8E8-03C3-7E35D754E152} = {CA253913-39DE-BFD0-C9A3-4B7EC6FBDF17}
		{6C541A3E-AD86-4BF6-904C-FA20B2E3F351} = {06DBE845-6D7B-E8E8-03C3-7E35D754E152}
		{2886DF8D-C5F5-4543-BC56-A6885C17D2C5} = {06DBE845-6D7B-E8E8-03C3-7E35D754E152}
		{8976977D-BCE5-4AED-8745-D59F8A594861} = {06DBE845-6D7B-E8E8-03C3-7E35D754E152}
		{534B8859-414B-4A7B-B8DD-AD6EF22236FA} = {06DBE845-6D7B-E8E8-03C3-7E35D754E152}
		{9AE941BB-1311-3FFE-B1C7-BEBDA1BCCE41} = {CA253913-39DE-BFD0-C9A3-4B7EC6FBDF17}
		{045D356D-148D-4725-8C8F-10CA5EEBF240} = {9AE941BB-1311-3FFE-B1C7-BEBDA1BCCE41}
		{CD47B780-0D57-459E-9662-B59B415E7E95} = {9AE941BB-1311-3FFE-B1C7-BEBDA1BCCE41}
		{12A666AD-D27E-47C7-94CD-257F497269B3} = {9AE941BB-1311-3FFE-B1C7-BEBDA1BCCE41}
		{7BCEA5EB-F24D-4EAE-89CB-0EA9D8AE0ABD} = {9AE941BB-1311-3FFE-B1C7-BEBDA1BCCE41}
		{293C06CD-4E17-48BD-9F3B-B5ADDFFA9425} = {CA253913-39DE-BFD0-C9A3-4B7EC6FBDF17}
		{FBBDE2D3-CEB8-4428-BEEA-559CE5DD4F20} = {293C06CD-4E17-48BD-9F3B-B5ADDFFA9425}
		{9DCDAFBF-7F26-423C-A352-A83E8D7CA59A} = {293C06CD-4E17-48BD-9F3B-B5ADDFFA9425}
		{C6852B53-8C12-4DEE-9F0C-CFC95AB817D6} = {293C06CD-4E17-48BD-9F3B-B5ADDFFA9425}
		{EA2475FD-F350-4E76-8EBD-A161D6307442} = {293C06CD-4E17-48BD-9F3B-B5ADDFFA9425}
		{981B1850-8BD5-4042-921E-C5BB342E4321} = {0AB3BF05-4346-4AA6-1389-037BE0695223}
		{64C8892C-59AD-6A71-938C-6E645D289F6F} = {0AB3BF05-4346-4AA6-1389-037BE0695223}
		{A8A43E05-EF9D-4126-A56D-901D024620B4} = {64C8892C-59AD-6A71-938C-6E645D289F6F}
		{E75DEB60-BD78-4840-A904-7F20B467F39A} = {64C8892C-59AD-6A71-938C-6E645D289F6F}
		{8E08425C-0292-8486-031B-F7A38FBE54B3} = {0AB3BF05-4346-4AA6-1389-037BE0695223}
		{392D8E23-A801-483A-9D28-8BF4AB415CF3} = {8E08425C-0292-8486-031B-F7A38FBE54B3}
		{3BE30DF8-9254-4F84-8BFE-C02F5CAFAEDF} = {8E08425C-0292-8486-031B-F7A38FBE54B3}
		{98AC5569-9856-6FC0-EA4D-055587100F58} = {0AB3BF05-4346-4AA6-1389-037BE0695223}
		{5750330C-9002-45B3-AC94-7EA4B16749BD} = {98AC5569-9856-6FC0-EA4D-055587100F58}
		{B6671E45-E462-49C4-B4F9-7CF8A0FC8F33} = {98AC5569-9856-6FC0-EA4D-055587100F58}
		{D26B0979-C8C6-8ACF-E8FA-797DA1071543} = {0AB3BF05-4346-4AA6-1389-037BE0695223}
		{7AC2B523-3B3D-422F-A2B2-9B76884EFD90} = {D26B0979-C8C6-8ACF-E8FA-797DA1071543}
		{23EE057F-201E-4E73-A6C5-A3D2862CABB3} = {D26B0979-C8C6-8ACF-E8FA-797DA1071543}
		{391CE2F5-AE47-7A9A-F474-4847BE99435E} = {0AB3BF05-4346-4AA6-1389-037BE0695223}
		{AF875373-3962-43A4-A19C-F535D3D3CB12} = {391CE2F5-AE47-7A9A-F474-4847BE99435E}
		{AC0C5C1F-5801-4997-921C-3D3C143B1BC9} = {391CE2F5-AE47-7A9A-F474-4847BE99435E}
		{4C79B1E3-038C-4F3C-B4FE-85E452E01CDF} = {0AB3BF05-4346-4AA6-1389-037BE0695223}
		{15524D51-DABD-4715-B440-1914F010974A} = {0AB3BF05-4346-4AA6-1389-037BE0695223}
	EndGlobalSection
EndGlobal
