
Microsoft Visual Studio Solution File, Format Version 12.00
# Visual Studio Version 17
VisualStudioVersion = 17.0.31903.59
MinimumVisualStudioVersion = 10.0.40219.1
Project("{2150E333-8FDC-42A3-9474-1A3956D46DE8}") = "shared", "shared", "{4F52FD11-658E-A102-6CD3-7D7C16FFA15B}"
EndProject
Project("{2150E333-8FDC-42A3-9474-1A3956D46DE8}") = "dotnet", "dotnet", "{1CC180B5-AA09-2C35-115A-569411B97A5C}"
EndProject
Project("{FAE04EC0-301F-11D3-BF4B-00C04F79EFBC}") = "Travel.Shared.Abstractions", "shared\dotnet\Travel.Shared.Abstractions\Travel.Shared.Abstractions.csproj", "{4233B4B5-32FB-4CB4-8E17-A2C05161B60F}"
EndProject
Project("{FAE04EC0-301F-11D3-BF4B-00C04F79EFBC}") = "Travel.Shared.Domain", "shared\dotnet\Travel.Shared.Domain\Travel.Shared.Domain.csproj", "{950373AF-FC47-433E-9961-E8E49CC2FAC1}"
EndProject
Project("{FAE04EC0-301F-11D3-BF4B-00C04F79EFBC}") = "Travel.Shared.Infrastructure", "shared\dotnet\Travel.Shared.Infrastructure\Travel.Shared.Infrastructure.csproj", "{9BBCE918-0A2D-4E17-B1D0-1232B6BA82EA}"
EndProject
Project("{FAE04EC0-301F-11D3-BF4B-00C04F79EFBC}") = "Travel.Shared.Web", "shared\dotnet\Travel.Shared.Web\Travel.Shared.Web.csproj", "{5B20C1BD-5918-4F05-80DB-DC365A895C7E}"
EndProject
Project("{FAE04EC0-301F-11D3-BF4B-00C04F79EFBC}") = "Travel.Shared.TestInfrastructure", "shared\dotnet\Travel.Shared.TestInfrastructure\Travel.Shared.TestInfrastructure.csproj", "{C790672D-EA23-4EE5-9C96-90989722EB4E}"
EndProject
Project("{2150E333-8FDC-42A3-9474-1A3956D46DE8}") = "apps", "apps", "{1787FE1D-075E-9E68-7218-25F1BD1BBEAB}"
EndProject
Project("{FAE04EC0-301F-11D3-BF4B-00C04F79EFBC}") = "Travel.ServiceDefaults", "apps\Travel.ServiceDefaults\Travel.ServiceDefaults.csproj", "{AB04EDC2-65BF-4167-B5B5-DC5B9CEAD184}"
EndProject
Project("{FAE04EC0-301F-11D3-BF4B-00C04F79EFBC}") = "Travel.AppHost", "apps\Travel.AppHost\Travel.AppHost.csproj", "{AB2743C2-3E81-46BE-B5F1-1C85C2238C5C}"
EndProject
Global
	GlobalSection(SolutionConfigurationPlatforms) = preSolution
		Debug|Any CPU = Debug|Any CPU
		Debug|x64 = Debug|x64
		Debug|x86 = Debug|x86
		Release|Any CPU = Release|Any CPU
		Release|x64 = Release|x64
		Release|x86 = Release|x86
	EndGlobalSection
	GlobalSection(ProjectConfigurationPlatforms) = postSolution
		{4233B4B5-32FB-4CB4-8E17-A2C05161B60F}.Debug|Any CPU.ActiveCfg = Debug|Any CPU
		{4233B4B5-32FB-4CB4-8E17-A2C05161B60F}.Debug|Any CPU.Build.0 = Debug|Any CPU
		{4233B4B5-32FB-4CB4-8E17-A2C05161B60F}.Debug|x64.ActiveCfg = Debug|Any CPU
		{4233B4B5-32FB-4CB4-8E17-A2C05161B60F}.Debug|x64.Build.0 = Debug|Any CPU
		{4233B4B5-32FB-4CB4-8E17-A2C05161B60F}.Debug|x86.ActiveCfg = Debug|Any CPU
		{4233B4B5-32FB-4CB4-8E17-A2C05161B60F}.Debug|x86.Build.0 = Debug|Any CPU
		{4233B4B5-32FB-4CB4-8E17-A2C05161B60F}.Release|Any CPU.ActiveCfg = Release|Any CPU
		{4233B4B5-32FB-4CB4-8E17-A2C05161B60F}.Release|Any CPU.Build.0 = Release|Any CPU
		{4233B4B5-32FB-4CB4-8E17-A2C05161B60F}.Release|x64.ActiveCfg = Release|Any CPU
		{4233B4B5-32FB-4CB4-8E17-A2C05161B60F}.Release|x64.Build.0 = Release|Any CPU
		{4233B4B5-32FB-4CB4-8E17-A2C05161B60F}.Release|x86.ActiveCfg = Release|Any CPU
		{4233B4B5-32FB-4CB4-8E17-A2C05161B60F}.Release|x86.Build.0 = Release|Any CPU
		{950373AF-FC47-433E-9961-E8E49CC2FAC1}.Debug|Any CPU.ActiveCfg = Debug|Any CPU
		{950373AF-FC47-433E-9961-E8E49CC2FAC1}.Debug|Any CPU.Build.0 = Debug|Any CPU
		{950373AF-FC47-433E-9961-E8E49CC2FAC1}.Debug|x64.ActiveCfg = Debug|Any CPU
		{950373AF-FC47-433E-9961-E8E49CC2FAC1}.Debug|x64.Build.0 = Debug|Any CPU
		{950373AF-FC47-433E-9961-E8E49CC2FAC1}.Debug|x86.ActiveCfg = Debug|Any CPU
		{950373AF-FC47-433E-9961-E8E49CC2FAC1}.Debug|x86.Build.0 = Debug|Any CPU
		{950373AF-FC47-433E-9961-E8E49CC2FAC1}.Release|Any CPU.ActiveCfg = Release|Any CPU
		{950373AF-FC47-433E-9961-E8E49CC2FAC1}.Release|Any CPU.Build.0 = Release|Any CPU
		{950373AF-FC47-433E-9961-E8E49CC2FAC1}.Release|x64.ActiveCfg = Release|Any CPU
		{950373AF-FC47-433E-9961-E8E49CC2FAC1}.Release|x64.Build.0 = Release|Any CPU
		{950373AF-FC47-433E-9961-E8E49CC2FAC1}.Release|x86.ActiveCfg = Release|Any CPU
		{950373AF-FC47-433E-9961-E8E49CC2FAC1}.Release|x86.Build.0 = Release|Any CPU
		{9BBCE918-0A2D-4E17-B1D0-1232B6BA82EA}.Debug|Any CPU.ActiveCfg = Debug|Any CPU
		{9BBCE918-0A2D-4E17-B1D0-1232B6BA82EA}.Debug|Any CPU.Build.0 = Debug|Any CPU
		{9BBCE918-0A2D-4E17-B1D0-1232B6BA82EA}.Debug|x64.ActiveCfg = Debug|Any CPU
		{9BBCE918-0A2D-4E17-B1D0-1232B6BA82EA}.Debug|x64.Build.0 = Debug|Any CPU
		{9BBCE918-0A2D-4E17-B1D0-1232B6BA82EA}.Debug|x86.ActiveCfg = Debug|Any CPU
		{9BBCE918-0A2D-4E17-B1D0-1232B6BA82EA}.Debug|x86.Build.0 = Debug|Any CPU
		{9BBCE918-0A2D-4E17-B1D0-1232B6BA82EA}.Release|Any CPU.ActiveCfg = Release|Any CPU
		{9BBCE918-0A2D-4E17-B1D0-1232B6BA82EA}.Release|Any CPU.Build.0 = Release|Any CPU
		{9BBCE918-0A2D-4E17-B1D0-1232B6BA82EA}.Release|x64.ActiveCfg = Release|Any CPU
		{9BBCE918-0A2D-4E17-B1D0-1232B6BA82EA}.Release|x64.Build.0 = Release|Any CPU
		{9BBCE918-0A2D-4E17-B1D0-1232B6BA82EA}.Release|x86.ActiveCfg = Release|Any CPU
		{9BBCE918-0A2D-4E17-B1D0-1232B6BA82EA}.Release|x86.Build.0 = Release|Any CPU
		{5B20C1BD-5918-4F05-80DB-DC365A895C7E}.Debug|Any CPU.ActiveCfg = Debug|Any CPU
		{5B20C1BD-5918-4F05-80DB-DC365A895C7E}.Debug|Any CPU.Build.0 = Debug|Any CPU
		{5B20C1BD-5918-4F05-80DB-DC365A895C7E}.Debug|x64.ActiveCfg = Debug|Any CPU
		{5B20C1BD-5918-4F05-80DB-DC365A895C7E}.Debug|x64.Build.0 = Debug|Any CPU
		{5B20C1BD-5918-4F05-80DB-DC365A895C7E}.Debug|x86.ActiveCfg = Debug|Any CPU
		{5B20C1BD-5918-4F05-80DB-DC365A895C7E}.Debug|x86.Build.0 = Debug|Any CPU
		{5B20C1BD-5918-4F05-80DB-DC365A895C7E}.Release|Any CPU.ActiveCfg = Release|Any CPU
		{5B20C1BD-5918-4F05-80DB-DC365A895C7E}.Release|Any CPU.Build.0 = Release|Any CPU
		{5B20C1BD-5918-4F05-80DB-DC365A895C7E}.Release|x64.ActiveCfg = Release|Any CPU
		{5B20C1BD-5918-4F05-80DB-DC365A895C7E}.Release|x64.Build.0 = Release|Any CPU
		{5B20C1BD-5918-4F05-80DB-DC365A895C7E}.Release|x86.ActiveCfg = Release|Any CPU
		{5B20C1BD-5918-4F05-80DB-DC365A895C7E}.Release|x86.Build.0 = Release|Any CPU
		{C790672D-EA23-4EE5-9C96-90989722EB4E}.Debug|Any CPU.ActiveCfg = Debug|Any CPU
		{C790672D-EA23-4EE5-9C96-90989722EB4E}.Debug|Any CPU.Build.0 = Debug|Any CPU
		{C790672D-EA23-4EE5-9C96-90989722EB4E}.Debug|x64.ActiveCfg = Debug|Any CPU
		{C790672D-EA23-4EE5-9C96-90989722EB4E}.Debug|x64.Build.0 = Debug|Any CPU
		{C790672D-EA23-4EE5-9C96-90989722EB4E}.Debug|x86.ActiveCfg = Debug|Any CPU
		{C790672D-EA23-4EE5-9C96-90989722EB4E}.Debug|x86.Build.0 = Debug|Any CPU
		{C790672D-EA23-4EE5-9C96-90989722EB4E}.Release|Any CPU.ActiveCfg = Release|Any CPU
		{C790672D-EA23-4EE5-9C96-90989722EB4E}.Release|Any CPU.Build.0 = Release|Any CPU
		{C790672D-EA23-4EE5-9C96-90989722EB4E}.Release|x64.ActiveCfg = Release|Any CPU
		{C790672D-EA23-4EE5-9C96-90989722EB4E}.Release|x64.Build.0 = Release|Any CPU
		{C790672D-EA23-4EE5-9C96-90989722EB4E}.Release|x86.ActiveCfg = Release|Any CPU
		{C790672D-EA23-4EE5-9C96-90989722EB4E}.Release|x86.Build.0 = Release|Any CPU
		{AB04EDC2-65BF-4167-B5B5-DC5B9CEAD184}.Debug|Any CPU.ActiveCfg = Debug|Any CPU
		{AB04EDC2-65BF-4167-B5B5-DC5B9CEAD184}.Debug|Any CPU.Build.0 = Debug|Any CPU
		{AB04EDC2-65BF-4167-B5B5-DC5B9CEAD184}.Debug|x64.ActiveCfg = Debug|Any CPU
		{AB04EDC2-65BF-4167-B5B5-DC5B9CEAD184}.Debug|x64.Build.0 = Debug|Any CPU
		{AB04EDC2-65BF-4167-B5B5-DC5B9CEAD184}.Debug|x86.ActiveCfg = Debug|Any CPU
		{AB04EDC2-65BF-4167-B5B5-DC5B9CEAD184}.Debug|x86.Build.0 = Debug|Any CPU
		{AB04EDC2-65BF-4167-B5B5-DC5B9CEAD184}.Release|Any CPU.ActiveCfg = Release|Any CPU
		{AB04EDC2-65BF-4167-B5B5-DC5B9CEAD184}.Release|Any CPU.Build.0 = Release|Any CPU
		{AB04EDC2-65BF-4167-B5B5-DC5B9CEAD184}.Release|x64.ActiveCfg = Release|Any CPU
		{AB04EDC2-65BF-4167-B5B5-DC5B9CEAD184}.Release|x64.Build.0 = Release|Any CPU
		{AB04EDC2-65BF-4167-B5B5-DC5B9CEAD184}.Release|x86.ActiveCfg = Release|Any CPU
		{AB04EDC2-65BF-4167-B5B5-DC5B9CEAD184}.Release|x86.Build.0 = Release|Any CPU
		{AB2743C2-3E81-46BE-B5F1-1C85C2238C5C}.Debug|Any CPU.ActiveCfg = Debug|Any CPU
		{AB2743C2-3E81-46BE-B5F1-1C85C2238C5C}.Debug|Any CPU.Build.0 = Debug|Any CPU
		{AB2743C2-3E81-46BE-B5F1-1C85C2238C5C}.Debug|x64.ActiveCfg = Debug|Any CPU
		{AB2743C2-3E81-46BE-B5F1-1C85C2238C5C}.Debug|x64.Build.0 = Debug|Any CPU
		{AB2743C2-3E81-46BE-B5F1-1C85C2238C5C}.Debug|x86.ActiveCfg = Debug|Any CPU
		{AB2743C2-3E81-46BE-B5F1-1C85C2238C5C}.Debug|x86.Build.0 = Debug|Any CPU
		{AB2743C2-3E81-46BE-B5F1-1C85C2238C5C}.Release|Any CPU.ActiveCfg = Release|Any CPU
		{AB2743C2-3E81-46BE-B5F1-1C85C2238C5C}.Release|Any CPU.Build.0 = Release|Any CPU
		{AB2743C2-3E81-46BE-B5F1-1C85C2238C5C}.Release|x64.ActiveCfg = Release|Any CPU
		{AB2743C2-3E81-46BE-B5F1-1C85C2238C5C}.Release|x64.Build.0 = Release|Any CPU
		{AB2743C2-3E81-46BE-B5F1-1C85C2238C5C}.Release|x86.ActiveCfg = Release|Any CPU
		{AB2743C2-3E81-46BE-B5F1-1C85C2238C5C}.Release|x86.Build.0 = Release|Any CPU
	EndGlobalSection
	GlobalSection(SolutionProperties) = preSolution
		HideSolutionNode = FALSE
	EndGlobalSection
	GlobalSection(NestedProjects) = preSolution
		{1CC180B5-AA09-2C35-115A-569411B97A5C} = {4F52FD11-658E-A102-6CD3-7D7C16FFA15B}
		{4233B4B5-32FB-4CB4-8E17-A2C05161B60F} = {1CC180B5-AA09-2C35-115A-569411B97A5C}
		{950373AF-FC47-433E-9961-E8E49CC2FAC1} = {1CC180B5-AA09-2C35-115A-569411B97A5C}
		{9BBCE918-0A2D-4E17-B1D0-1232B6BA82EA} = {1CC180B5-AA09-2C35-115A-569411B97A5C}
		{5B20C1BD-5918-4F05-80DB-DC365A895C7E} = {1CC180B5-AA09-2C35-115A-569411B97A5C}
		{C790672D-EA23-4EE5-9C96-90989722EB4E} = {1CC180B5-AA09-2C35-115A-569411B97A5C}
		{AB04EDC2-65BF-4167-B5B5-DC5B9CEAD184} = {1787FE1D-075E-9E68-7218-25F1BD1BBEAB}
		{AB2743C2-3E81-46BE-B5F1-1C85C2238C5C} = {1787FE1D-075E-9E68-7218-25F1BD1BBEAB}
	EndGlobalSection
EndGlobal
