
Microsoft Visual Studio Solution File, Format Version 12.00
# Visual Studio Version 16
VisualStudioVersion = 16.0.30114.105
MinimumVisualStudioVersion = 10.0.40219.1
Project("{2150E333-8FDC-42A3-9474-1A3956D46DE8}") = "src", "src", "{AF8DC380-27FF-47DE-9A74-8C87FDD21FE9}"
EndProject
Project("{2150E333-8FDC-42A3-9474-1A3956D46DE8}") = "scripts", "scripts", "{574830C7-7D30-401F-9E5E-54959B6BD28A}"
EndProject
Project("{2150E333-8FDC-42A3-9474-1A3956D46DE8}") = "tests", "tests", "{7E2610ED-FCB2-4C34-A0FB-A275AF634475}"
EndProject
Project("{2150E333-8FDC-42A3-9474-1A3956D46DE8}") = "Bootstrapper", "Bootstrapper", "{BF2C093C-69E0-4274-BBE1-00DBCD28A930}"
EndProject
Project("{FAE04EC0-301F-11D3-BF4B-00C04F79EFBC}") = "Viajante.Bootstrapper", "src\Bootstrapper\Viajante.Bootstrapper\Viajante.Bootstrapper.csproj", "{12296B37-1652-447E-9308-E52B34615059}"
EndProject
Project("{2150E333-8FDC-42A3-9474-1A3956D46DE8}") = "Modules", "Modules", "{4A400C1F-98C8-47B1-AB74-1E17A2825DEA}"
EndProject
Project("{2150E333-8FDC-42A3-9474-1A3956D46DE8}") = "Rail", "Rail", "{6065DBDD-BF25-4F74-B245-352BEE0CF2CA}"
EndProject
Project("{FAE04EC0-301F-11D3-BF4B-00C04F79EFBC}") = "Viajante.Modules.Rail.Core", "src\Modules\Rail\Viajante.Modules.Rail.Core\Viajante.Modules.Rail.Core.csproj", "{B6AF31C0-26B3-4A05-976D-743F593D35AF}"
EndProject
Project("{FAE04EC0-301F-11D3-BF4B-00C04F79EFBC}") = "Viajante.Modules.Rail.Application", "src\Modules\Rail\Viajante.Modules.Rail.Application\Viajante.Modules.Rail.Application.csproj", "{3BB898DA-DCAF-4152-A433-2B4DCC9AA1A9}"
EndProject
Project("{FAE04EC0-301F-11D3-BF4B-00C04F79EFBC}") = "Viajante.Modules.Rail.Infrastructure", "src\Modules\Rail\Viajante.Modules.Rail.Infrastructure\Viajante.Modules.Rail.Infrastructure.csproj", "{B9BDA9E5-AC41-453B-AC75-25713FCEAB9B}"
EndProject
Project("{FAE04EC0-301F-11D3-BF4B-00C04F79EFBC}") = "Viajante.Modules.Rail.Api", "src\Modules\Rail\Viajante.Modules.Rail.Api\Viajante.Modules.Rail.Api.csproj", "{AFBD41A7-3861-4B52-BD7D-86CAAF62F49E}"
EndProject
Project("{2150E333-8FDC-42A3-9474-1A3956D46DE8}") = "Shared", "Shared", "{177E2E45-BA31-4517-9DC7-00872E3D17F2}"
EndProject
Project("{FAE04EC0-301F-11D3-BF4B-00C04F79EFBC}") = "Viajante.Shared.Abstractions", "src\Shared\Viajante.Shared.Abstractions\Viajante.Shared.Abstractions.csproj", "{DC6E64CA-7D56-4E4C-B4CA-41D25F08A430}"
EndProject
Project("{FAE04EC0-301F-11D3-BF4B-00C04F79EFBC}") = "Viajante.Shared.Infrastructure", "src\Shared\Viajante.Shared.Infrastructure\Viajante.Shared.Infrastructure.csproj", "{A0B87D28-36F9-46DB-9DFB-1B48638929BC}"
EndProject
Global
	GlobalSection(SolutionConfigurationPlatforms) = preSolution
		Debug|Any CPU = Debug|Any CPU
		Debug|x64 = Debug|x64
		Debug|x86 = Debug|x86
		Release|Any CPU = Release|Any CPU
		Release|x64 = Release|x64
		Release|x86 = Release|x86
	EndGlobalSection
	GlobalSection(ProjectConfigurationPlatforms) = postSolution
		{12296B37-1652-447E-9308-E52B34615059}.Debug|Any CPU.ActiveCfg = Debug|Any CPU
		{12296B37-1652-447E-9308-E52B34615059}.Debug|Any CPU.Build.0 = Debug|Any CPU
		{12296B37-1652-447E-9308-E52B34615059}.Debug|x64.ActiveCfg = Debug|Any CPU
		{12296B37-1652-447E-9308-E52B34615059}.Debug|x64.Build.0 = Debug|Any CPU
		{12296B37-1652-447E-9308-E52B34615059}.Debug|x86.ActiveCfg = Debug|Any CPU
		{12296B37-1652-447E-9308-E52B34615059}.Debug|x86.Build.0 = Debug|Any CPU
		{12296B37-1652-447E-9308-E52B34615059}.Release|Any CPU.ActiveCfg = Release|Any CPU
		{12296B37-1652-447E-9308-E52B34615059}.Release|Any CPU.Build.0 = Release|Any CPU
		{12296B37-1652-447E-9308-E52B34615059}.Release|x64.ActiveCfg = Release|Any CPU
		{12296B37-1652-447E-9308-E52B34615059}.Release|x64.Build.0 = Release|Any CPU
		{12296B37-1652-447E-9308-E52B34615059}.Release|x86.ActiveCfg = Release|Any CPU
		{12296B37-1652-447E-9308-E52B34615059}.Release|x86.Build.0 = Release|Any CPU
		{B6AF31C0-26B3-4A05-976D-743F593D35AF}.Debug|Any CPU.ActiveCfg = Debug|Any CPU
		{B6AF31C0-26B3-4A05-976D-743F593D35AF}.Debug|Any CPU.Build.0 = Debug|Any CPU
		{B6AF31C0-26B3-4A05-976D-743F593D35AF}.Debug|x64.ActiveCfg = Debug|Any CPU
		{B6AF31C0-26B3-4A05-976D-743F593D35AF}.Debug|x64.Build.0 = Debug|Any CPU
		{B6AF31C0-26B3-4A05-976D-743F593D35AF}.Debug|x86.ActiveCfg = Debug|Any CPU
		{B6AF31C0-26B3-4A05-976D-743F593D35AF}.Debug|x86.Build.0 = Debug|Any CPU
		{B6AF31C0-26B3-4A05-976D-743F593D35AF}.Release|Any CPU.ActiveCfg = Release|Any CPU
		{B6AF31C0-26B3-4A05-976D-743F593D35AF}.Release|Any CPU.Build.0 = Release|Any CPU
		{B6AF31C0-26B3-4A05-976D-743F593D35AF}.Release|x64.ActiveCfg = Release|Any CPU
		{B6AF31C0-26B3-4A05-976D-743F593D35AF}.Release|x64.Build.0 = Release|Any CPU
		{B6AF31C0-26B3-4A05-976D-743F593D35AF}.Release|x86.ActiveCfg = Release|Any CPU
		{B6AF31C0-26B3-4A05-976D-743F593D35AF}.Release|x86.Build.0 = Release|Any CPU
		{3BB898DA-DCAF-4152-A433-2B4DCC9AA1A9}.Debug|Any CPU.ActiveCfg = Debug|Any CPU
		{3BB898DA-DCAF-4152-A433-2B4DCC9AA1A9}.Debug|Any CPU.Build.0 = Debug|Any CPU
		{3BB898DA-DCAF-4152-A433-2B4DCC9AA1A9}.Debug|x64.ActiveCfg = Debug|Any CPU
		{3BB898DA-DCAF-4152-A433-2B4DCC9AA1A9}.Debug|x64.Build.0 = Debug|Any CPU
		{3BB898DA-DCAF-4152-A433-2B4DCC9AA1A9}.Debug|x86.ActiveCfg = Debug|Any CPU
		{3BB898DA-DCAF-4152-A433-2B4DCC9AA1A9}.Debug|x86.Build.0 = Debug|Any CPU
		{3BB898DA-DCAF-4152-A433-2B4DCC9AA1A9}.Release|Any CPU.ActiveCfg = Release|Any CPU
		{3BB898DA-DCAF-4152-A433-2B4DCC9AA1A9}.Release|Any CPU.Build.0 = Release|Any CPU
		{3BB898DA-DCAF-4152-A433-2B4DCC9AA1A9}.Release|x64.ActiveCfg = Release|Any CPU
		{3BB898DA-DCAF-4152-A433-2B4DCC9AA1A9}.Release|x64.Build.0 = Release|Any CPU
		{3BB898DA-DCAF-4152-A433-2B4DCC9AA1A9}.Release|x86.ActiveCfg = Release|Any CPU
		{3BB898DA-DCAF-4152-A433-2B4DCC9AA1A9}.Release|x86.Build.0 = Release|Any CPU
		{B9BDA9E5-AC41-453B-AC75-25713FCEAB9B}.Debug|Any CPU.ActiveCfg = Debug|Any CPU
		{B9BDA9E5-AC41-453B-AC75-25713FCEAB9B}.Debug|Any CPU.Build.0 = Debug|Any CPU
		{B9BDA9E5-AC41-453B-AC75-25713FCEAB9B}.Debug|x64.ActiveCfg = Debug|Any CPU
		{B9BDA9E5-AC41-453B-AC75-25713FCEAB9B}.Debug|x64.Build.0 = Debug|Any CPU
		{B9BDA9E5-AC41-453B-AC75-25713FCEAB9B}.Debug|x86.ActiveCfg = Debug|Any CPU
		{B9BDA9E5-AC41-453B-AC75-25713FCEAB9B}.Debug|x86.Build.0 = Debug|Any CPU
		{B9BDA9E5-AC41-453B-AC75-25713FCEAB9B}.Release|Any CPU.ActiveCfg = Release|Any CPU
		{B9BDA9E5-AC41-453B-AC75-25713FCEAB9B}.Release|Any CPU.Build.0 = Release|Any CPU
		{B9BDA9E5-AC41-453B-AC75-25713FCEAB9B}.Release|x64.ActiveCfg = Release|Any CPU
		{B9BDA9E5-AC41-453B-AC75-25713FCEAB9B}.Release|x64.Build.0 = Release|Any CPU
		{B9BDA9E5-AC41-453B-AC75-25713FCEAB9B}.Release|x86.ActiveCfg = Release|Any CPU
		{B9BDA9E5-AC41-453B-AC75-25713FCEAB9B}.Release|x86.Build.0 = Release|Any CPU
		{AFBD41A7-3861-4B52-BD7D-86CAAF62F49E}.Debug|Any CPU.ActiveCfg = Debug|Any CPU
		{AFBD41A7-3861-4B52-BD7D-86CAAF62F49E}.Debug|Any CPU.Build.0 = Debug|Any CPU
		{AFBD41A7-3861-4B52-BD7D-86CAAF62F49E}.Debug|x64.ActiveCfg = Debug|Any CPU
		{AFBD41A7-3861-4B52-BD7D-86CAAF62F49E}.Debug|x64.Build.0 = Debug|Any CPU
		{AFBD41A7-3861-4B52-BD7D-86CAAF62F49E}.Debug|x86.ActiveCfg = Debug|Any CPU
		{AFBD41A7-3861-4B52-BD7D-86CAAF62F49E}.Debug|x86.Build.0 = Debug|Any CPU
		{AFBD41A7-3861-4B52-BD7D-86CAAF62F49E}.Release|Any CPU.ActiveCfg = Release|Any CPU
		{AFBD41A7-3861-4B52-BD7D-86CAAF62F49E}.Release|Any CPU.Build.0 = Release|Any CPU
		{AFBD41A7-3861-4B52-BD7D-86CAAF62F49E}.Release|x64.ActiveCfg = Release|Any CPU
		{AFBD41A7-3861-4B52-BD7D-86CAAF62F49E}.Release|x64.Build.0 = Release|Any CPU
		{AFBD41A7-3861-4B52-BD7D-86CAAF62F49E}.Release|x86.ActiveCfg = Release|Any CPU
		{AFBD41A7-3861-4B52-BD7D-86CAAF62F49E}.Release|x86.Build.0 = Release|Any CPU
		{DC6E64CA-7D56-4E4C-B4CA-41D25F08A430}.Debug|Any CPU.ActiveCfg = Debug|Any CPU
		{DC6E64CA-7D56-4E4C-B4CA-41D25F08A430}.Debug|Any CPU.Build.0 = Debug|Any CPU
		{DC6E64CA-7D56-4E4C-B4CA-41D25F08A430}.Debug|x64.ActiveCfg = Debug|Any CPU
		{DC6E64CA-7D56-4E4C-B4CA-41D25F08A430}.Debug|x64.Build.0 = Debug|Any CPU
		{DC6E64CA-7D56-4E4C-B4CA-41D25F08A430}.Debug|x86.ActiveCfg = Debug|Any CPU
		{DC6E64CA-7D56-4E4C-B4CA-41D25F08A430}.Debug|x86.Build.0 = Debug|Any CPU
		{DC6E64CA-7D56-4E4C-B4CA-41D25F08A430}.Release|Any CPU.ActiveCfg = Release|Any CPU
		{DC6E64CA-7D56-4E4C-B4CA-41D25F08A430}.Release|Any CPU.Build.0 = Release|Any CPU
		{DC6E64CA-7D56-4E4C-B4CA-41D25F08A430}.Release|x64.ActiveCfg = Release|Any CPU
		{DC6E64CA-7D56-4E4C-B4CA-41D25F08A430}.Release|x64.Build.0 = Release|Any CPU
		{DC6E64CA-7D56-4E4C-B4CA-41D25F08A430}.Release|x86.ActiveCfg = Release|Any CPU
		{DC6E64CA-7D56-4E4C-B4CA-41D25F08A430}.Release|x86.Build.0 = Release|Any CPU
		{A0B87D28-36F9-46DB-9DFB-1B48638929BC}.Debug|Any CPU.ActiveCfg = Debug|Any CPU
		{A0B87D28-36F9-46DB-9DFB-1B48638929BC}.Debug|Any CPU.Build.0 = Debug|Any CPU
		{A0B87D28-36F9-46DB-9DFB-1B48638929BC}.Debug|x64.ActiveCfg = Debug|Any CPU
		{A0B87D28-36F9-46DB-9DFB-1B48638929BC}.Debug|x64.Build.0 = Debug|Any CPU
		{A0B87D28-36F9-46DB-9DFB-1B48638929BC}.Debug|x86.ActiveCfg = Debug|Any CPU
		{A0B87D28-36F9-46DB-9DFB-1B48638929BC}.Debug|x86.Build.0 = Debug|Any CPU
		{A0B87D28-36F9-46DB-9DFB-1B48638929BC}.Release|Any CPU.ActiveCfg = Release|Any CPU
		{A0B87D28-36F9-46DB-9DFB-1B48638929BC}.Release|Any CPU.Build.0 = Release|Any CPU
		{A0B87D28-36F9-46DB-9DFB-1B48638929BC}.Release|x64.ActiveCfg = Release|Any CPU
		{A0B87D28-36F9-46DB-9DFB-1B48638929BC}.Release|x64.Build.0 = Release|Any CPU
		{A0B87D28-36F9-46DB-9DFB-1B48638929BC}.Release|x86.ActiveCfg = Release|Any CPU
		{A0B87D28-36F9-46DB-9DFB-1B48638929BC}.Release|x86.Build.0 = Release|Any CPU
	EndGlobalSection
	GlobalSection(SolutionProperties) = preSolution
		HideSolutionNode = FALSE
	EndGlobalSection
	GlobalSection(NestedProjects) = preSolution
		{BF2C093C-69E0-4274-BBE1-00DBCD28A930} = {AF8DC380-27FF-47DE-9A74-8C87FDD21FE9}
		{12296B37-1652-447E-9308-E52B34615059} = {BF2C093C-69E0-4274-BBE1-00DBCD28A930}
		{4A400C1F-98C8-47B1-AB74-1E17A2825DEA} = {AF8DC380-27FF-47DE-9A74-8C87FDD21FE9}
		{6065DBDD-BF25-4F74-B245-352BEE0CF2CA} = {4A400C1F-98C8-47B1-AB74-1E17A2825DEA}
		{B6AF31C0-26B3-4A05-976D-743F593D35AF} = {6065DBDD-BF25-4F74-B245-352BEE0CF2CA}
		{3BB898DA-DCAF-4152-A433-2B4DCC9AA1A9} = {6065DBDD-BF25-4F74-B245-352BEE0CF2CA}
		{B9BDA9E5-AC41-453B-AC75-25713FCEAB9B} = {6065DBDD-BF25-4F74-B245-352BEE0CF2CA}
		{AFBD41A7-3861-4B52-BD7D-86CAAF62F49E} = {6065DBDD-BF25-4F74-B245-352BEE0CF2CA}
		{177E2E45-BA31-4517-9DC7-00872E3D17F2} = {AF8DC380-27FF-47DE-9A74-8C87FDD21FE9}
		{DC6E64CA-7D56-4E4C-B4CA-41D25F08A430} = {177E2E45-BA31-4517-9DC7-00872E3D17F2}
		{A0B87D28-36F9-46DB-9DFB-1B48638929BC} = {177E2E45-BA31-4517-9DC7-00872E3D17F2}
	EndGlobalSection
	GlobalSection(ExtensibilityGlobals) = postSolution
		SolutionGuid = {92E2D763-AFBB-458F-B25D-5D4E5E73B0A5}
	EndGlobalSection
EndGlobal
